// !$*UTF8*$!
{
	archiveVersion = 1;
	classes = {
	};
	objectVersion = 51;
	objects = {

/* Begin PBXBuildFile section */
		1B02129625A6E27300441E9F /* ConfirmationPopViewController.swift in Sources */ = {isa = PBXBuildFile; fileRef = 1B02129525A6E27300441E9F /* ConfirmationPopViewController.swift */; };
		1B0C62EB255C100C00DCA76D /* ModulePermissionsTableCell.swift in Sources */ = {isa = PBXBuildFile; fileRef = 1B0C62E9255C100C00DCA76D /* ModulePermissionsTableCell.swift */; };
		1B0C62EC255C100C00DCA76D /* ModulePermissionsTableCell.xib in Resources */ = {isa = PBXBuildFile; fileRef = 1B0C62EA255C100C00DCA76D /* ModulePermissionsTableCell.xib */; };
		1B14F16A25656DE500C4EA51 /* AddMemoPopupViewController.swift in Sources */ = {isa = PBXBuildFile; fileRef = 1B14F16925656DE500C4EA51 /* AddMemoPopupViewController.swift */; };
		1B1691B525724CE40007B3B0 /* next-icon.svg in Resources */ = {isa = PBXBuildFile; fileRef = 1B1691B425724CE30007B3B0 /* next-icon.svg */; };
		1B1691B82572524C0007B3B0 /* right-arrow-filled.svg in Resources */ = {isa = PBXBuildFile; fileRef = 1B1691B72572524C0007B3B0 /* right-arrow-filled.svg */; };
		1B1691BB257253C10007B3B0 /* checked-fill-icon.svg in Resources */ = {isa = PBXBuildFile; fileRef = 1B1691BA257253C10007B3B0 /* checked-fill-icon.svg */; };
		1B1862EA25B2CA1000F18059 /* FilesAccordingRemarksViewController.swift in Sources */ = {isa = PBXBuildFile; fileRef = 1B1862E925B2CA1000F18059 /* FilesAccordingRemarksViewController.swift */; };
		1B1B5F3D25B1C5E9006A9B51 /* HRFilesViewController.swift in Sources */ = {isa = PBXBuildFile; fileRef = 1B1B5F3C25B1C5E9006A9B51 /* HRFilesViewController.swift */; };
		1B1C0B692583DBB500AAAAE9 /* NewRequestsListingTableCell.swift in Sources */ = {isa = PBXBuildFile; fileRef = 1B1C0B672583DBB500AAAAE9 /* NewRequestsListingTableCell.swift */; };
		1B1C0B6A2583DBB500AAAAE9 /* NewRequestsListingTableCell.xib in Resources */ = {isa = PBXBuildFile; fileRef = 1B1C0B682583DBB500AAAAE9 /* NewRequestsListingTableCell.xib */; };
		1B1C4294255738A300F881B6 /* NewChartListingViewController.swift in Sources */ = {isa = PBXBuildFile; fileRef = 1B1C4293255738A300F881B6 /* NewChartListingViewController.swift */; };
		1B281768257F7D44009AE4E3 /* ChartViews.xib in Resources */ = {isa = PBXBuildFile; fileRef = 1B281767257F7D44009AE4E3 /* ChartViews.xib */; };
		1B28176B257F7D4F009AE4E3 /* ChartViews.swift in Sources */ = {isa = PBXBuildFile; fileRef = 1B28176A257F7D4F009AE4E3 /* ChartViews.swift */; };
		1B3202F62578C1270034803F /* ComingSoonViewController.swift in Sources */ = {isa = PBXBuildFile; fileRef = 1B3202F52578C1270034803F /* ComingSoonViewController.swift */; };
		1B3202F92578C70B0034803F /* ImagePickerManager.swift in Sources */ = {isa = PBXBuildFile; fileRef = 1B3202F82578C70B0034803F /* ImagePickerManager.swift */; };
		1B326588259C95BF001B94C0 /* IMSDashboardViewController.swift in Sources */ = {isa = PBXBuildFile; fileRef = 1B326587259C95BF001B94C0 /* IMSDashboardViewController.swift */; };
		1B3B36102574D86B0051779A /* download-fill-icon.svg in Resources */ = {isa = PBXBuildFile; fileRef = 1B3B360F2574D86B0051779A /* download-fill-icon.svg */; };
		1B3B36162574DC860051779A /* history-icon-fill.svg in Resources */ = {isa = PBXBuildFile; fileRef = 1B3B36152574DC860051779A /* history-icon-fill.svg */; };
		1B3BB84D25DBEA69006A29F4 /* TrackingModel.swift in Sources */ = {isa = PBXBuildFile; fileRef = 1B3BB84C25DBEA69006A29F4 /* TrackingModel.swift */; };
		1B47F99F25A5F18300FC74A4 /* IncidentInvestigationTableCell.swift in Sources */ = {isa = PBXBuildFile; fileRef = 1B47F99D25A5F18300FC74A4 /* IncidentInvestigationTableCell.swift */; };
		1B47F9A025A5F18300FC74A4 /* IncidentInvestigationTableCell.xib in Resources */ = {isa = PBXBuildFile; fileRef = 1B47F99E25A5F18300FC74A4 /* IncidentInvestigationTableCell.xib */; };
		1B47F9A325A5F81C00FC74A4 /* IncidentInvestigationViewController.swift in Sources */ = {isa = PBXBuildFile; fileRef = 1B47F9A225A5F81C00FC74A4 /* IncidentInvestigationViewController.swift */; };
		1B4AAD1325DA781E00A26DE7 /* TrackStoryboard.storyboard in Resources */ = {isa = PBXBuildFile; fileRef = 1B4AAD1225DA781E00A26DE7 /* TrackStoryboard.storyboard */; };
		1B4AAD1725DA784300A26DE7 /* TrackHomeViewController.swift in Sources */ = {isa = PBXBuildFile; fileRef = 1B4AAD1625DA784300A26DE7 /* TrackHomeViewController.swift */; };
		1B590C64255818E300C413AA /* WatchAllRequestsViewController.swift in Sources */ = {isa = PBXBuildFile; fileRef = 1B590C63255818E300C413AA /* WatchAllRequestsViewController.swift */; };
		1B5970B0256553CF00FF8CA0 /* AddAttachmentsTableCell.swift in Sources */ = {isa = PBXBuildFile; fileRef = 1B5970AE256553CF00FF8CA0 /* AddAttachmentsTableCell.swift */; };
		1B5970B1256553CF00FF8CA0 /* AddAttachmentsTableCell.xib in Resources */ = {isa = PBXBuildFile; fileRef = 1B5970AF256553CF00FF8CA0 /* AddAttachmentsTableCell.xib */; };
		1B5EAA7C255E636A00F49D09 /* GrievanceHelpDeskViewController.swift in Sources */ = {isa = PBXBuildFile; fileRef = 1B5EAA7B255E636A00F49D09 /* GrievanceHelpDeskViewController.swift */; };
		1B5EAA7F255E63CB00F49D09 /* GrievanceStoryboard.storyboard in Resources */ = {isa = PBXBuildFile; fileRef = 1B5EAA7E255E63CB00F49D09 /* GrievanceStoryboard.storyboard */; };
		1B5EAA83255EA4A600F49D09 /* GrievanceHelpDeskRequestsViewController.swift in Sources */ = {isa = PBXBuildFile; fileRef = 1B5EAA82255EA4A600F49D09 /* GrievanceHelpDeskRequestsViewController.swift */; };
		1B5EAACD255EB71C00F49D09 /* GrievanceNewRequestViewController.swift in Sources */ = {isa = PBXBuildFile; fileRef = 1B5EAACC255EB71C00F49D09 /* GrievanceNewRequestViewController.swift */; };
		1B614E1C2555138500E50B3A /* GoogleService-Info.plist in Resources */ = {isa = PBXBuildFile; fileRef = 1B614E1B2555138500E50B3A /* GoogleService-Info.plist */; };
		1B614E1E2555276000E50B3A /* GraphListingFilterPopupViewController.swift in Sources */ = {isa = PBXBuildFile; fileRef = 1B614E1D2555276000E50B3A /* GraphListingFilterPopupViewController.swift */; };
		1B61B2A325DCFB3800CDAAE2 /* BookingDetailsTableCell.swift in Sources */ = {isa = PBXBuildFile; fileRef = 1B61B2A125DCFB3800CDAAE2 /* BookingDetailsTableCell.swift */; };
		1B61B2A425DCFB3800CDAAE2 /* BookingDetailsTableCell.xib in Resources */ = {isa = PBXBuildFile; fileRef = 1B61B2A225DCFB3800CDAAE2 /* BookingDetailsTableCell.xib */; };
		1B61B2A825DD033B00CDAAE2 /* DeliveryDetailsTableCell.swift in Sources */ = {isa = PBXBuildFile; fileRef = 1B61B2A625DD033B00CDAAE2 /* DeliveryDetailsTableCell.swift */; };
		1B61B2A925DD033B00CDAAE2 /* DeliveryDetailsTableCell.xib in Resources */ = {isa = PBXBuildFile; fileRef = 1B61B2A725DD033B00CDAAE2 /* DeliveryDetailsTableCell.xib */; };
		1B61B2AD25DD1CC000CDAAE2 /* PBagDetailsTableViewCell.swift in Sources */ = {isa = PBXBuildFile; fileRef = 1B61B2AB25DD1CC000CDAAE2 /* PBagDetailsTableViewCell.swift */; };
		1B61B2AE25DD1CC000CDAAE2 /* PBagDetailsTableViewCell.xib in Resources */ = {isa = PBXBuildFile; fileRef = 1B61B2AC25DD1CC000CDAAE2 /* PBagDetailsTableViewCell.xib */; };
		1B61B2B225DD20B800CDAAE2 /* RBagDetailsTableCell.swift in Sources */ = {isa = PBXBuildFile; fileRef = 1B61B2B025DD20B800CDAAE2 /* RBagDetailsTableCell.swift */; };
		1B61B2B325DD20B800CDAAE2 /* RBagDetailsTableCell.xib in Resources */ = {isa = PBXBuildFile; fileRef = 1B61B2B125DD20B800CDAAE2 /* RBagDetailsTableCell.xib */; };
		1B61B2B725DD235200CDAAE2 /* TBagDetailsTableCell.swift in Sources */ = {isa = PBXBuildFile; fileRef = 1B61B2B525DD235200CDAAE2 /* TBagDetailsTableCell.swift */; };
		1B61B2B825DD235200CDAAE2 /* TBagDetailsTableCell.xib in Resources */ = {isa = PBXBuildFile; fileRef = 1B61B2B625DD235200CDAAE2 /* TBagDetailsTableCell.xib */; };
		1B61B2BC25DD25DD00CDAAE2 /* DManDetailsTableCell.swift in Sources */ = {isa = PBXBuildFile; fileRef = 1B61B2BA25DD25DD00CDAAE2 /* DManDetailsTableCell.swift */; };
		1B61B2BD25DD25DD00CDAAE2 /* DManDetailsTableCell.xib in Resources */ = {isa = PBXBuildFile; fileRef = 1B61B2BB25DD25DD00CDAAE2 /* DManDetailsTableCell.xib */; };
		1B6279E22591E54D00C88FEE /* IMSStoryboard.storyboard in Resources */ = {isa = PBXBuildFile; fileRef = 1B6279E12591E54D00C88FEE /* IMSStoryboard.storyboard */; };
		1B6279E72591E5E200C88FEE /* IMSNewRequestViewController.swift in Sources */ = {isa = PBXBuildFile; fileRef = 1B6279E62591E5E200C88FEE /* IMSNewRequestViewController.swift */; };
		1B6B049A256642FF00CDEF66 /* GrievanceRemarksHistoryViewController.swift in Sources */ = {isa = PBXBuildFile; fileRef = 1B6B0499256642FF00CDEF66 /* GrievanceRemarksHistoryViewController.swift */; };
		1B6B049E25665C6500CDEF66 /* GrievancesHistoryTableCell.swift in Sources */ = {isa = PBXBuildFile; fileRef = 1B6B049C25665C6500CDEF66 /* GrievancesHistoryTableCell.swift */; };
		1B6B049F25665C6500CDEF66 /* GrievancesHistoryTableCell.xib in Resources */ = {isa = PBXBuildFile; fileRef = 1B6B049D25665C6500CDEF66 /* GrievancesHistoryTableCell.xib */; };
		1B6B04A3256660CD00CDEF66 /* GrievacneDownloadsTableCell.swift in Sources */ = {isa = PBXBuildFile; fileRef = 1B6B04A1256660CD00CDEF66 /* GrievacneDownloadsTableCell.swift */; };
		1B6B04A4256660CD00CDEF66 /* GrievacneDownloadsTableCell.xib in Resources */ = {isa = PBXBuildFile; fileRef = 1B6B04A2256660CD00CDEF66 /* GrievacneDownloadsTableCell.xib */; };
		1B71451825AF7E9A0058C36C /* IMSHistoryViewController.swift in Sources */ = {isa = PBXBuildFile; fileRef = 1B71451725AF7E9A0058C36C /* IMSHistoryViewController.swift */; };
		1B71451B25AF85250058C36C /* IMSFilesViewController.swift in Sources */ = {isa = PBXBuildFile; fileRef = 1B71451A25AF85250058C36C /* IMSFilesViewController.swift */; };
		1B77CE842562509B00A821E7 /* DownloadListViewController.swift in Sources */ = {isa = PBXBuildFile; fileRef = 1B77CE832562509B00A821E7 /* DownloadListViewController.swift */; };
		1B77CE87256257B700A821E7 /* GrievanceViewRequestViewController.swift in Sources */ = {isa = PBXBuildFile; fileRef = 1B77CE86256257B700A821E7 /* GrievanceViewRequestViewController.swift */; };
		1B7A292425A05E3C005694B6 /* IMSViewUpdateRequestViewController.swift in Sources */ = {isa = PBXBuildFile; fileRef = 1B7A292325A05E3C005694B6 /* IMSViewUpdateRequestViewController.swift */; };
		1B96C0A325E8D3020059775C /* NewRequestLeadershipAwazViewController.swift in Sources */ = {isa = PBXBuildFile; fileRef = 1B96C0A225E8D3020059775C /* NewRequestLeadershipAwazViewController.swift */; };
		1B96C0DB25E9217F0059775C /* TCSOneApp.db in Resources */ = {isa = PBXBuildFile; fileRef = 1B96C0DA25E9217F0059775C /* TCSOneApp.db */; };
		1B9E6C812562779D006529C3 /* GrievanceViewClosedRequestViewController.swift in Sources */ = {isa = PBXBuildFile; fileRef = 1B9E6C802562779D006529C3 /* GrievanceViewClosedRequestViewController.swift */; };
		1BBAEA4D259DA1AA00FBDCB4 /* IMSAllRequestsViewController.swift in Sources */ = {isa = PBXBuildFile; fileRef = 1BBAEA4C259DA1AA00FBDCB4 /* IMSAllRequestsViewController.swift */; };
		1BC42B8D257527F7000A63AF /* CloudKit.framework in Frameworks */ = {isa = PBXBuildFile; fileRef = 1BC42B8C257527F7000A63AF /* CloudKit.framework */; };
		1BF25A4A25E7CA3B008CE34F /* LeadershipAwaz.storyboard in Resources */ = {isa = PBXBuildFile; fileRef = 1BF25A4925E7CA3B008CE34F /* LeadershipAwaz.storyboard */; };
		1BF25A4F25E7D4EB008CE34F /* LeadershipListingViewController.swift in Sources */ = {isa = PBXBuildFile; fileRef = 1BF25A4E25E7D4EB008CE34F /* LeadershipListingViewController.swift */; };
		1BF25A5325E7D507008CE34F /* ChairmenListingViewController.swift in Sources */ = {isa = PBXBuildFile; fileRef = 1BF25A5225E7D507008CE34F /* ChairmenListingViewController.swift */; };
		4EDC7C88E5B17C3133E5ABA9 /* Pods_tcs_one_app.framework in Frameworks */ = {isa = PBXBuildFile; fileRef = CA51BA4126CEE514AB22E928 /* Pods_tcs_one_app.framework */; };
		6006955A254994D400EB3865 /* HRHelpDeskRequestViewController.swift in Sources */ = {isa = PBXBuildFile; fileRef = 60069559254994D400EB3865 /* HRHelpDeskRequestViewController.swift */; };
		6010F41025400E3300CF8597 /* CicrularProgressBarCollectionCell.swift in Sources */ = {isa = PBXBuildFile; fileRef = 6010F40E25400E3300CF8597 /* CicrularProgressBarCollectionCell.swift */; };
		6010F41125400E3300CF8597 /* CicrularProgressBarCollectionCell.xib in Resources */ = {isa = PBXBuildFile; fileRef = 6010F40F25400E3300CF8597 /* CicrularProgressBarCollectionCell.xib */; };
		6010F413254048F300CF8597 /* RequestManager.swift in Sources */ = {isa = PBXBuildFile; fileRef = 6010F412254048F300CF8597 /* RequestManager.swift */; };
		6010F4172540622500CF8597 /* NetworkCalls.swift in Sources */ = {isa = PBXBuildFile; fileRef = 6010F4162540622500CF8597 /* NetworkCalls.swift */; };
		601BA4BD25387B17002CFD1F /* AppDelegate.swift in Sources */ = {isa = PBXBuildFile; fileRef = 601BA4BC25387B17002CFD1F /* AppDelegate.swift */; };
		601BA4BF25387B17002CFD1F /* SceneDelegate.swift in Sources */ = {isa = PBXBuildFile; fileRef = 601BA4BE25387B17002CFD1F /* SceneDelegate.swift */; };
		601BA4C625387B18002CFD1F /* Assets.xcassets in Resources */ = {isa = PBXBuildFile; fileRef = 601BA4C525387B18002CFD1F /* Assets.xcassets */; };
		601BA4C925387B18002CFD1F /* LaunchScreen.storyboard in Resources */ = {isa = PBXBuildFile; fileRef = 601BA4C725387B18002CFD1F /* LaunchScreen.storyboard */; };
		602011A12542948100759D2E /* NewRequestListingViewController.swift in Sources */ = {isa = PBXBuildFile; fileRef = 602011A02542948100759D2E /* NewRequestListingViewController.swift */; };
		60485398253DC4BE00F7A0AA /* CircularView.swift in Sources */ = {isa = PBXBuildFile; fileRef = 60485397253DC4BE00F7A0AA /* CircularView.swift */; };
		604B3960253EA03F00864293 /* NotificationsViewController.swift in Sources */ = {isa = PBXBuildFile; fileRef = 604B395F253EA03F00864293 /* NotificationsViewController.swift */; };
		604B3964253ED0AF00864293 /* ChartListingViewController.swift in Sources */ = {isa = PBXBuildFile; fileRef = 604B3963253ED0AF00864293 /* ChartListingViewController.swift */; };
		604B3967253ED2CD00864293 /* GraphListingTableCell.swift in Sources */ = {isa = PBXBuildFile; fileRef = 604B3965253ED2CD00864293 /* GraphListingTableCell.swift */; };
		604B3968253ED2CD00864293 /* GraphListingTableCell.xib in Resources */ = {isa = PBXBuildFile; fileRef = 604B3966253ED2CD00864293 /* GraphListingTableCell.xib */; };
		6055E988254B303F009BB6E3 /* UpdateRequestViewController.swift in Sources */ = {isa = PBXBuildFile; fileRef = 6055E987254B303F009BB6E3 /* UpdateRequestViewController.swift */; };
		60584D762542EA3D00AD5DA8 /* Setup.swift in Sources */ = {isa = PBXBuildFile; fileRef = 60584D752542EA3D00AD5DA8 /* Setup.swift */; };
		605CE76D2541459800509434 /* sandboxcert.p12 in Resources */ = {isa = PBXBuildFile; fileRef = 605CE76C2541459800509434 /* sandboxcert.p12 */; };
		605CE7712541686E00509434 /* KEYSTORE.der in Resources */ = {isa = PBXBuildFile; fileRef = 605CE7702541686E00509434 /* KEYSTORE.der */; };
		605CE773254196E000509434 /* User.swift in Sources */ = {isa = PBXBuildFile; fileRef = 605CE772254196E000509434 /* User.swift */; };
		605CE7752541977100509434 /* PinValidator.swift in Sources */ = {isa = PBXBuildFile; fileRef = 605CE7742541977100509434 /* PinValidator.swift */; };
		605CE77A25419C8A00509434 /* DBHelper.swift in Sources */ = {isa = PBXBuildFile; fileRef = 605CE77925419C8A00509434 /* DBHelper.swift */; };
		606D6403254974BC00F67B77 /* ConnectionManager.swift in Sources */ = {isa = PBXBuildFile; fileRef = 606D6402254974BC00F67B77 /* ConnectionManager.swift */; };
		607B979D25440927003B7800 /* HRRequests.swift in Sources */ = {isa = PBXBuildFile; fileRef = 607B979C25440927003B7800 /* HRRequests.swift */; };
		6082CD502550F4F90037CF54 /* RequestModePopupViewController.swift in Sources */ = {isa = PBXBuildFile; fileRef = 6082CD4F2550F4F90037CF54 /* RequestModePopupViewController.swift */; };
		60978BDB2551D06B009AA2F3 /* LogoutPopupViewController.swift in Sources */ = {isa = PBXBuildFile; fileRef = 60978BDA2551D06B009AA2F3 /* LogoutPopupViewController.swift */; };
		60978BDD2551D1A6009AA2F3 /* LogoutViewController.swift in Sources */ = {isa = PBXBuildFile; fileRef = 60978BDC2551D1A6009AA2F3 /* LogoutViewController.swift */; };
		60978BE025523E0B009AA2F3 /* MultiplePieCharCollectionCell.swift in Sources */ = {isa = PBXBuildFile; fileRef = 60978BDE25523E0B009AA2F3 /* MultiplePieCharCollectionCell.swift */; };
		60978BE125523E0B009AA2F3 /* MultiplePieCharCollectionCell.xib in Resources */ = {isa = PBXBuildFile; fileRef = 60978BDF25523E0B009AA2F3 /* MultiplePieCharCollectionCell.xib */; };
		609922942547ECB000534577 /* AddNewRequest.swift in Sources */ = {isa = PBXBuildFile; fileRef = 609922932547ECB000534577 /* AddNewRequest.swift */; };
		609922962547F43900534577 /* HRNotifications.swift in Sources */ = {isa = PBXBuildFile; fileRef = 609922952547F43900534577 /* HRNotifications.swift */; };
		609C605B25387B900051CF28 /* UserCredentials.storyboard in Resources */ = {isa = PBXBuildFile; fileRef = 609C605A25387B900051CF28 /* UserCredentials.storyboard */; };
		609C605E25387BC20051CF28 /* EnterPinViewController.swift in Sources */ = {isa = PBXBuildFile; fileRef = 609C605D25387BC20051CF28 /* EnterPinViewController.swift */; };
		609C606025387C4B0051CF28 /* BaseViewController.swift in Sources */ = {isa = PBXBuildFile; fileRef = 609C605F25387C4B0051CF28 /* BaseViewController.swift */; };
		609C606225387C850051CF28 /* Constant.swift in Sources */ = {isa = PBXBuildFile; fileRef = 609C606125387C850051CF28 /* Constant.swift */; };
		609C606425387C920051CF28 /* Extensions.swift in Sources */ = {isa = PBXBuildFile; fileRef = 609C606325387C920051CF28 /* Extensions.swift */; };
		609C606625387CCD0051CF28 /* Helper.swift in Sources */ = {isa = PBXBuildFile; fileRef = 609C606525387CCD0051CF28 /* Helper.swift */; };
		609C606825387D120051CF28 /* Reachability.swift in Sources */ = {isa = PBXBuildFile; fileRef = 609C606725387D120051CF28 /* Reachability.swift */; };
		609C606A25387E190051CF28 /* IBDesignables.swift in Sources */ = {isa = PBXBuildFile; fileRef = 609C606925387E190051CF28 /* IBDesignables.swift */; };
		60C34FDA25397D1600495944 /* FetchUserDataViewController.swift in Sources */ = {isa = PBXBuildFile; fileRef = 60C34FD925397D1600495944 /* FetchUserDataViewController.swift */; };
		60C34FE02539830E00495944 /* Home.storyboard in Resources */ = {isa = PBXBuildFile; fileRef = 60C34FDF2539830E00495944 /* Home.storyboard */; };
		60C34FE3253985DD00495944 /* HomeScreenViewController.swift in Sources */ = {isa = PBXBuildFile; fileRef = 60C34FE2253985DD00495944 /* HomeScreenViewController.swift */; };
		60C34FE62539875B00495944 /* DashboardViewController.swift in Sources */ = {isa = PBXBuildFile; fileRef = 60C34FE52539875B00495944 /* DashboardViewController.swift */; };
		60E9990A253D4DF000BCDAD1 /* Dashboard.storyboard in Resources */ = {isa = PBXBuildFile; fileRef = 60E99909253D4DF000BCDAD1 /* Dashboard.storyboard */; };
		60E99911253D4F1300BCDAD1 /* PieChartCollectionCell.swift in Sources */ = {isa = PBXBuildFile; fileRef = 60E9990F253D4F1300BCDAD1 /* PieChartCollectionCell.swift */; };
		60E99912253D4F1300BCDAD1 /* PieChartCollectionCell.xib in Resources */ = {isa = PBXBuildFile; fileRef = 60E99910253D4F1300BCDAD1 /* PieChartCollectionCell.xib */; };
		60E99917253D548200BCDAD1 /* ModulesCollectionCell.swift in Sources */ = {isa = PBXBuildFile; fileRef = 60E99915253D548200BCDAD1 /* ModulesCollectionCell.swift */; };
		60E99918253D548200BCDAD1 /* ModulesCollectionCell.xib in Resources */ = {isa = PBXBuildFile; fileRef = 60E99916253D548200BCDAD1 /* ModulesCollectionCell.xib */; };
		60E9991A253D668700BCDAD1 /* CollectionViewFlowLayout.swift in Sources */ = {isa = PBXBuildFile; fileRef = 60E99919253D668700BCDAD1 /* CollectionViewFlowLayout.swift */; };
		60E9991D253D719500BCDAD1 /* HRHelpDeskViewController.swift in Sources */ = {isa = PBXBuildFile; fileRef = 60E9991C253D719500BCDAD1 /* HRHelpDeskViewController.swift */; };
		60E9991F253D7D9900BCDAD1 /* NewRequestViewController.swift in Sources */ = {isa = PBXBuildFile; fileRef = 60E9991E253D7D9900BCDAD1 /* NewRequestViewController.swift */; };
		60E99921253D7E1900BCDAD1 /* Popups.storyboard in Resources */ = {isa = PBXBuildFile; fileRef = 60E99920253D7E1900BCDAD1 /* Popups.storyboard */; };
		60E99924253D848D00BCDAD1 /* RequestListingTableCell.swift in Sources */ = {isa = PBXBuildFile; fileRef = 60E99922253D848D00BCDAD1 /* RequestListingTableCell.swift */; };
		60E99925253D848D00BCDAD1 /* RequestListingTableCell.xib in Resources */ = {isa = PBXBuildFile; fileRef = 60E99923253D848D00BCDAD1 /* RequestListingTableCell.xib */; };
		60E99928253D9EF900BCDAD1 /* FilterDataPopupViewController.swift in Sources */ = {isa = PBXBuildFile; fileRef = 60E99927253D9EF900BCDAD1 /* FilterDataPopupViewController.swift */; };
		60E9992A253D9FB200BCDAD1 /* FilterListingDataTableCell.swift in Sources */ = {isa = PBXBuildFile; fileRef = 60E99929253D9FB200BCDAD1 /* FilterListingDataTableCell.swift */; };
		60EE11B3254B262C00ACB45B /* UserInfoViewController.swift in Sources */ = {isa = PBXBuildFile; fileRef = 60EE11B2254B262C00ACB45B /* UserInfoViewController.swift */; };
		60EE11B5254B263400ACB45B /* MailViewController.swift in Sources */ = {isa = PBXBuildFile; fileRef = 60EE11B4254B263400ACB45B /* MailViewController.swift */; };
		60EE11B7254B263C00ACB45B /* MessageViewController.swift in Sources */ = {isa = PBXBuildFile; fileRef = 60EE11B6254B263C00ACB45B /* MessageViewController.swift */; };
		60F3C7FA2546C7FE00FA80B9 /* Protocols.swift in Sources */ = {isa = PBXBuildFile; fileRef = 60F3C7F92546C7FE00FA80B9 /* Protocols.swift */; };
/* End PBXBuildFile section */

/* Begin PBXFileReference section */
		1B02129525A6E27300441E9F /* ConfirmationPopViewController.swift */ = {isa = PBXFileReference; lastKnownFileType = sourcecode.swift; path = ConfirmationPopViewController.swift; sourceTree = "<group>"; };
		1B0C62E9255C100C00DCA76D /* ModulePermissionsTableCell.swift */ = {isa = PBXFileReference; lastKnownFileType = sourcecode.swift; path = ModulePermissionsTableCell.swift; sourceTree = "<group>"; };
		1B0C62EA255C100C00DCA76D /* ModulePermissionsTableCell.xib */ = {isa = PBXFileReference; lastKnownFileType = file.xib; path = ModulePermissionsTableCell.xib; sourceTree = "<group>"; };
		1B14F16925656DE500C4EA51 /* AddMemoPopupViewController.swift */ = {isa = PBXFileReference; lastKnownFileType = sourcecode.swift; path = AddMemoPopupViewController.swift; sourceTree = "<group>"; };
		1B1691B425724CE30007B3B0 /* next-icon.svg */ = {isa = PBXFileReference; fileEncoding = 4; lastKnownFileType = text.xml; path = "next-icon.svg"; sourceTree = "<group>"; };
		1B1691B72572524C0007B3B0 /* right-arrow-filled.svg */ = {isa = PBXFileReference; fileEncoding = 4; lastKnownFileType = text; path = "right-arrow-filled.svg"; sourceTree = "<group>"; };
		1B1691BA257253C10007B3B0 /* checked-fill-icon.svg */ = {isa = PBXFileReference; fileEncoding = 4; lastKnownFileType = text.xml; path = "checked-fill-icon.svg"; sourceTree = "<group>"; };
		1B1862E925B2CA1000F18059 /* FilesAccordingRemarksViewController.swift */ = {isa = PBXFileReference; lastKnownFileType = sourcecode.swift; path = FilesAccordingRemarksViewController.swift; sourceTree = "<group>"; };
		1B1B5F3C25B1C5E9006A9B51 /* HRFilesViewController.swift */ = {isa = PBXFileReference; lastKnownFileType = sourcecode.swift; path = HRFilesViewController.swift; sourceTree = "<group>"; };
		1B1C0B672583DBB500AAAAE9 /* NewRequestsListingTableCell.swift */ = {isa = PBXFileReference; lastKnownFileType = sourcecode.swift; path = NewRequestsListingTableCell.swift; sourceTree = "<group>"; };
		1B1C0B682583DBB500AAAAE9 /* NewRequestsListingTableCell.xib */ = {isa = PBXFileReference; lastKnownFileType = file.xib; path = NewRequestsListingTableCell.xib; sourceTree = "<group>"; };
		1B1C4293255738A300F881B6 /* NewChartListingViewController.swift */ = {isa = PBXFileReference; lastKnownFileType = sourcecode.swift; path = NewChartListingViewController.swift; sourceTree = "<group>"; };
		1B281767257F7D44009AE4E3 /* ChartViews.xib */ = {isa = PBXFileReference; lastKnownFileType = file.xib; path = ChartViews.xib; sourceTree = "<group>"; };
		1B28176A257F7D4F009AE4E3 /* ChartViews.swift */ = {isa = PBXFileReference; lastKnownFileType = sourcecode.swift; path = ChartViews.swift; sourceTree = "<group>"; };
		1B3202F52578C1270034803F /* ComingSoonViewController.swift */ = {isa = PBXFileReference; lastKnownFileType = sourcecode.swift; path = ComingSoonViewController.swift; sourceTree = "<group>"; };
		1B3202F82578C70B0034803F /* ImagePickerManager.swift */ = {isa = PBXFileReference; lastKnownFileType = sourcecode.swift; path = ImagePickerManager.swift; sourceTree = "<group>"; };
		1B326587259C95BF001B94C0 /* IMSDashboardViewController.swift */ = {isa = PBXFileReference; lastKnownFileType = sourcecode.swift; path = IMSDashboardViewController.swift; sourceTree = "<group>"; };
		1B3B360F2574D86B0051779A /* download-fill-icon.svg */ = {isa = PBXFileReference; fileEncoding = 4; lastKnownFileType = text.xml; path = "download-fill-icon.svg"; sourceTree = "<group>"; };
		1B3B36152574DC860051779A /* history-icon-fill.svg */ = {isa = PBXFileReference; fileEncoding = 4; lastKnownFileType = text.xml; path = "history-icon-fill.svg"; sourceTree = "<group>"; };
		1B3BB84C25DBEA69006A29F4 /* TrackingModel.swift */ = {isa = PBXFileReference; lastKnownFileType = sourcecode.swift; path = TrackingModel.swift; sourceTree = "<group>"; };
		1B47F99D25A5F18300FC74A4 /* IncidentInvestigationTableCell.swift */ = {isa = PBXFileReference; lastKnownFileType = sourcecode.swift; path = IncidentInvestigationTableCell.swift; sourceTree = "<group>"; };
		1B47F99E25A5F18300FC74A4 /* IncidentInvestigationTableCell.xib */ = {isa = PBXFileReference; lastKnownFileType = file.xib; path = IncidentInvestigationTableCell.xib; sourceTree = "<group>"; };
		1B47F9A225A5F81C00FC74A4 /* IncidentInvestigationViewController.swift */ = {isa = PBXFileReference; lastKnownFileType = sourcecode.swift; path = IncidentInvestigationViewController.swift; sourceTree = "<group>"; };
		1B4AAD1225DA781E00A26DE7 /* TrackStoryboard.storyboard */ = {isa = PBXFileReference; lastKnownFileType = file.storyboard; path = TrackStoryboard.storyboard; sourceTree = "<group>"; };
		1B4AAD1625DA784300A26DE7 /* TrackHomeViewController.swift */ = {isa = PBXFileReference; lastKnownFileType = sourcecode.swift; path = TrackHomeViewController.swift; sourceTree = "<group>"; };
		1B590C63255818E300C413AA /* WatchAllRequestsViewController.swift */ = {isa = PBXFileReference; lastKnownFileType = sourcecode.swift; path = WatchAllRequestsViewController.swift; sourceTree = "<group>"; };
		1B5970AE256553CF00FF8CA0 /* AddAttachmentsTableCell.swift */ = {isa = PBXFileReference; lastKnownFileType = sourcecode.swift; path = AddAttachmentsTableCell.swift; sourceTree = "<group>"; };
		1B5970AF256553CF00FF8CA0 /* AddAttachmentsTableCell.xib */ = {isa = PBXFileReference; lastKnownFileType = file.xib; path = AddAttachmentsTableCell.xib; sourceTree = "<group>"; };
		1B5EAA7B255E636A00F49D09 /* GrievanceHelpDeskViewController.swift */ = {isa = PBXFileReference; lastKnownFileType = sourcecode.swift; path = GrievanceHelpDeskViewController.swift; sourceTree = "<group>"; };
		1B5EAA7E255E63CB00F49D09 /* GrievanceStoryboard.storyboard */ = {isa = PBXFileReference; lastKnownFileType = file.storyboard; path = GrievanceStoryboard.storyboard; sourceTree = "<group>"; };
		1B5EAA82255EA4A600F49D09 /* GrievanceHelpDeskRequestsViewController.swift */ = {isa = PBXFileReference; lastKnownFileType = sourcecode.swift; path = GrievanceHelpDeskRequestsViewController.swift; sourceTree = "<group>"; };
		1B5EAACC255EB71C00F49D09 /* GrievanceNewRequestViewController.swift */ = {isa = PBXFileReference; lastKnownFileType = sourcecode.swift; path = GrievanceNewRequestViewController.swift; sourceTree = "<group>"; };
		1B614E1B2555138500E50B3A /* GoogleService-Info.plist */ = {isa = PBXFileReference; fileEncoding = 4; lastKnownFileType = text.plist.xml; path = "GoogleService-Info.plist"; sourceTree = "<group>"; };
		1B614E1D2555276000E50B3A /* GraphListingFilterPopupViewController.swift */ = {isa = PBXFileReference; lastKnownFileType = sourcecode.swift; path = GraphListingFilterPopupViewController.swift; sourceTree = "<group>"; };
		1B61B2A125DCFB3800CDAAE2 /* BookingDetailsTableCell.swift */ = {isa = PBXFileReference; lastKnownFileType = sourcecode.swift; path = BookingDetailsTableCell.swift; sourceTree = "<group>"; };
		1B61B2A225DCFB3800CDAAE2 /* BookingDetailsTableCell.xib */ = {isa = PBXFileReference; lastKnownFileType = file.xib; path = BookingDetailsTableCell.xib; sourceTree = "<group>"; };
		1B61B2A625DD033B00CDAAE2 /* DeliveryDetailsTableCell.swift */ = {isa = PBXFileReference; lastKnownFileType = sourcecode.swift; path = DeliveryDetailsTableCell.swift; sourceTree = "<group>"; };
		1B61B2A725DD033B00CDAAE2 /* DeliveryDetailsTableCell.xib */ = {isa = PBXFileReference; lastKnownFileType = file.xib; path = DeliveryDetailsTableCell.xib; sourceTree = "<group>"; };
		1B61B2AB25DD1CC000CDAAE2 /* PBagDetailsTableViewCell.swift */ = {isa = PBXFileReference; lastKnownFileType = sourcecode.swift; path = PBagDetailsTableViewCell.swift; sourceTree = "<group>"; };
		1B61B2AC25DD1CC000CDAAE2 /* PBagDetailsTableViewCell.xib */ = {isa = PBXFileReference; lastKnownFileType = file.xib; path = PBagDetailsTableViewCell.xib; sourceTree = "<group>"; };
		1B61B2B025DD20B800CDAAE2 /* RBagDetailsTableCell.swift */ = {isa = PBXFileReference; lastKnownFileType = sourcecode.swift; path = RBagDetailsTableCell.swift; sourceTree = "<group>"; };
		1B61B2B125DD20B800CDAAE2 /* RBagDetailsTableCell.xib */ = {isa = PBXFileReference; lastKnownFileType = file.xib; path = RBagDetailsTableCell.xib; sourceTree = "<group>"; };
		1B61B2B525DD235200CDAAE2 /* TBagDetailsTableCell.swift */ = {isa = PBXFileReference; lastKnownFileType = sourcecode.swift; path = TBagDetailsTableCell.swift; sourceTree = "<group>"; };
		1B61B2B625DD235200CDAAE2 /* TBagDetailsTableCell.xib */ = {isa = PBXFileReference; lastKnownFileType = file.xib; path = TBagDetailsTableCell.xib; sourceTree = "<group>"; };
		1B61B2BA25DD25DD00CDAAE2 /* DManDetailsTableCell.swift */ = {isa = PBXFileReference; lastKnownFileType = sourcecode.swift; path = DManDetailsTableCell.swift; sourceTree = "<group>"; };
		1B61B2BB25DD25DD00CDAAE2 /* DManDetailsTableCell.xib */ = {isa = PBXFileReference; lastKnownFileType = file.xib; path = DManDetailsTableCell.xib; sourceTree = "<group>"; };
		1B6279E12591E54D00C88FEE /* IMSStoryboard.storyboard */ = {isa = PBXFileReference; lastKnownFileType = file.storyboard; path = IMSStoryboard.storyboard; sourceTree = "<group>"; };
		1B6279E62591E5E200C88FEE /* IMSNewRequestViewController.swift */ = {isa = PBXFileReference; lastKnownFileType = sourcecode.swift; path = IMSNewRequestViewController.swift; sourceTree = "<group>"; };
		1B6B0499256642FF00CDEF66 /* GrievanceRemarksHistoryViewController.swift */ = {isa = PBXFileReference; lastKnownFileType = sourcecode.swift; path = GrievanceRemarksHistoryViewController.swift; sourceTree = "<group>"; };
		1B6B049C25665C6500CDEF66 /* GrievancesHistoryTableCell.swift */ = {isa = PBXFileReference; lastKnownFileType = sourcecode.swift; path = GrievancesHistoryTableCell.swift; sourceTree = "<group>"; };
		1B6B049D25665C6500CDEF66 /* GrievancesHistoryTableCell.xib */ = {isa = PBXFileReference; lastKnownFileType = file.xib; path = GrievancesHistoryTableCell.xib; sourceTree = "<group>"; };
		1B6B04A1256660CD00CDEF66 /* GrievacneDownloadsTableCell.swift */ = {isa = PBXFileReference; lastKnownFileType = sourcecode.swift; path = GrievacneDownloadsTableCell.swift; sourceTree = "<group>"; };
		1B6B04A2256660CD00CDEF66 /* GrievacneDownloadsTableCell.xib */ = {isa = PBXFileReference; lastKnownFileType = file.xib; path = GrievacneDownloadsTableCell.xib; sourceTree = "<group>"; };
		1B71451725AF7E9A0058C36C /* IMSHistoryViewController.swift */ = {isa = PBXFileReference; lastKnownFileType = sourcecode.swift; path = IMSHistoryViewController.swift; sourceTree = "<group>"; };
		1B71451A25AF85250058C36C /* IMSFilesViewController.swift */ = {isa = PBXFileReference; lastKnownFileType = sourcecode.swift; path = IMSFilesViewController.swift; sourceTree = "<group>"; };
		1B77CE832562509B00A821E7 /* DownloadListViewController.swift */ = {isa = PBXFileReference; lastKnownFileType = sourcecode.swift; path = DownloadListViewController.swift; sourceTree = "<group>"; };
		1B77CE86256257B700A821E7 /* GrievanceViewRequestViewController.swift */ = {isa = PBXFileReference; lastKnownFileType = sourcecode.swift; path = GrievanceViewRequestViewController.swift; sourceTree = "<group>"; };
		1B7A292325A05E3C005694B6 /* IMSViewUpdateRequestViewController.swift */ = {isa = PBXFileReference; lastKnownFileType = sourcecode.swift; path = IMSViewUpdateRequestViewController.swift; sourceTree = "<group>"; };
		1B96C0A225E8D3020059775C /* NewRequestLeadershipAwazViewController.swift */ = {isa = PBXFileReference; lastKnownFileType = sourcecode.swift; path = NewRequestLeadershipAwazViewController.swift; sourceTree = "<group>"; };
		1B96C0DA25E9217F0059775C /* TCSOneApp.db */ = {isa = PBXFileReference; lastKnownFileType = file; path = TCSOneApp.db; sourceTree = "<group>"; };
		1B9E6C802562779D006529C3 /* GrievanceViewClosedRequestViewController.swift */ = {isa = PBXFileReference; lastKnownFileType = sourcecode.swift; path = GrievanceViewClosedRequestViewController.swift; sourceTree = "<group>"; };
		1BBAEA4C259DA1AA00FBDCB4 /* IMSAllRequestsViewController.swift */ = {isa = PBXFileReference; lastKnownFileType = sourcecode.swift; path = IMSAllRequestsViewController.swift; sourceTree = "<group>"; };
		1BC42B8C257527F7000A63AF /* CloudKit.framework */ = {isa = PBXFileReference; lastKnownFileType = wrapper.framework; name = CloudKit.framework; path = System/Library/Frameworks/CloudKit.framework; sourceTree = SDKROOT; };
		1BF25A4925E7CA3B008CE34F /* LeadershipAwaz.storyboard */ = {isa = PBXFileReference; lastKnownFileType = file.storyboard; path = LeadershipAwaz.storyboard; sourceTree = "<group>"; };
		1BF25A4E25E7D4EB008CE34F /* LeadershipListingViewController.swift */ = {isa = PBXFileReference; lastKnownFileType = sourcecode.swift; path = LeadershipListingViewController.swift; sourceTree = "<group>"; };
		1BF25A5225E7D507008CE34F /* ChairmenListingViewController.swift */ = {isa = PBXFileReference; lastKnownFileType = sourcecode.swift; path = ChairmenListingViewController.swift; sourceTree = "<group>"; };
		60069559254994D400EB3865 /* HRHelpDeskRequestViewController.swift */ = {isa = PBXFileReference; lastKnownFileType = sourcecode.swift; path = HRHelpDeskRequestViewController.swift; sourceTree = "<group>"; };
		6010F40E25400E3300CF8597 /* CicrularProgressBarCollectionCell.swift */ = {isa = PBXFileReference; lastKnownFileType = sourcecode.swift; path = CicrularProgressBarCollectionCell.swift; sourceTree = "<group>"; };
		6010F40F25400E3300CF8597 /* CicrularProgressBarCollectionCell.xib */ = {isa = PBXFileReference; lastKnownFileType = file.xib; path = CicrularProgressBarCollectionCell.xib; sourceTree = "<group>"; };
		6010F412254048F300CF8597 /* RequestManager.swift */ = {isa = PBXFileReference; lastKnownFileType = sourcecode.swift; path = RequestManager.swift; sourceTree = "<group>"; };
		6010F4162540622500CF8597 /* NetworkCalls.swift */ = {isa = PBXFileReference; lastKnownFileType = sourcecode.swift; path = NetworkCalls.swift; sourceTree = "<group>"; };
		601BA4B925387B17002CFD1F /* One App.app */ = {isa = PBXFileReference; explicitFileType = wrapper.application; includeInIndex = 0; path = "One App.app"; sourceTree = BUILT_PRODUCTS_DIR; };
		601BA4BC25387B17002CFD1F /* AppDelegate.swift */ = {isa = PBXFileReference; lastKnownFileType = sourcecode.swift; path = AppDelegate.swift; sourceTree = "<group>"; };
		601BA4BE25387B17002CFD1F /* SceneDelegate.swift */ = {isa = PBXFileReference; lastKnownFileType = sourcecode.swift; path = SceneDelegate.swift; sourceTree = "<group>"; };
		601BA4C525387B18002CFD1F /* Assets.xcassets */ = {isa = PBXFileReference; lastKnownFileType = folder.assetcatalog; path = Assets.xcassets; sourceTree = "<group>"; };
		601BA4C825387B18002CFD1F /* Base */ = {isa = PBXFileReference; lastKnownFileType = file.storyboard; name = Base; path = Base.lproj/LaunchScreen.storyboard; sourceTree = "<group>"; };
		601BA4CA25387B18002CFD1F /* Info.plist */ = {isa = PBXFileReference; lastKnownFileType = text.plist.xml; path = Info.plist; sourceTree = "<group>"; };
		602011A02542948100759D2E /* NewRequestListingViewController.swift */ = {isa = PBXFileReference; lastKnownFileType = sourcecode.swift; path = NewRequestListingViewController.swift; sourceTree = "<group>"; };
		60485397253DC4BE00F7A0AA /* CircularView.swift */ = {isa = PBXFileReference; lastKnownFileType = sourcecode.swift; path = CircularView.swift; sourceTree = "<group>"; };
		604B395F253EA03F00864293 /* NotificationsViewController.swift */ = {isa = PBXFileReference; lastKnownFileType = sourcecode.swift; path = NotificationsViewController.swift; sourceTree = "<group>"; };
		604B3963253ED0AF00864293 /* ChartListingViewController.swift */ = {isa = PBXFileReference; lastKnownFileType = sourcecode.swift; path = ChartListingViewController.swift; sourceTree = "<group>"; };
		604B3965253ED2CD00864293 /* GraphListingTableCell.swift */ = {isa = PBXFileReference; lastKnownFileType = sourcecode.swift; path = GraphListingTableCell.swift; sourceTree = "<group>"; };
		604B3966253ED2CD00864293 /* GraphListingTableCell.xib */ = {isa = PBXFileReference; lastKnownFileType = file.xib; path = GraphListingTableCell.xib; sourceTree = "<group>"; };
		6055E987254B303F009BB6E3 /* UpdateRequestViewController.swift */ = {isa = PBXFileReference; lastKnownFileType = sourcecode.swift; path = UpdateRequestViewController.swift; sourceTree = "<group>"; };
		60584D742542D65D00AD5DA8 /* One App.entitlements */ = {isa = PBXFileReference; lastKnownFileType = text.plist.entitlements; path = "One App.entitlements"; sourceTree = "<group>"; };
		60584D752542EA3D00AD5DA8 /* Setup.swift */ = {isa = PBXFileReference; lastKnownFileType = sourcecode.swift; path = Setup.swift; sourceTree = "<group>"; };
		605CE76C2541459800509434 /* sandboxcert.p12 */ = {isa = PBXFileReference; lastKnownFileType = file; path = sandboxcert.p12; sourceTree = "<group>"; };
		605CE7702541686E00509434 /* KEYSTORE.der */ = {isa = PBXFileReference; lastKnownFileType = file; path = KEYSTORE.der; sourceTree = "<group>"; };
		605CE772254196E000509434 /* User.swift */ = {isa = PBXFileReference; lastKnownFileType = sourcecode.swift; path = User.swift; sourceTree = "<group>"; };
		605CE7742541977100509434 /* PinValidator.swift */ = {isa = PBXFileReference; lastKnownFileType = sourcecode.swift; path = PinValidator.swift; sourceTree = "<group>"; };
		605CE77925419C8A00509434 /* DBHelper.swift */ = {isa = PBXFileReference; lastKnownFileType = sourcecode.swift; path = DBHelper.swift; sourceTree = "<group>"; };
		606D6402254974BC00F67B77 /* ConnectionManager.swift */ = {isa = PBXFileReference; lastKnownFileType = sourcecode.swift; path = ConnectionManager.swift; sourceTree = "<group>"; };
		607B979C25440927003B7800 /* HRRequests.swift */ = {isa = PBXFileReference; lastKnownFileType = sourcecode.swift; path = HRRequests.swift; sourceTree = "<group>"; };
		6082CD4F2550F4F90037CF54 /* RequestModePopupViewController.swift */ = {isa = PBXFileReference; lastKnownFileType = sourcecode.swift; path = RequestModePopupViewController.swift; sourceTree = "<group>"; };
		60978BDA2551D06B009AA2F3 /* LogoutPopupViewController.swift */ = {isa = PBXFileReference; lastKnownFileType = sourcecode.swift; path = LogoutPopupViewController.swift; sourceTree = "<group>"; };
		60978BDC2551D1A6009AA2F3 /* LogoutViewController.swift */ = {isa = PBXFileReference; lastKnownFileType = sourcecode.swift; path = LogoutViewController.swift; sourceTree = "<group>"; };
		60978BDE25523E0B009AA2F3 /* MultiplePieCharCollectionCell.swift */ = {isa = PBXFileReference; lastKnownFileType = sourcecode.swift; path = MultiplePieCharCollectionCell.swift; sourceTree = "<group>"; };
		60978BDF25523E0B009AA2F3 /* MultiplePieCharCollectionCell.xib */ = {isa = PBXFileReference; lastKnownFileType = file.xib; path = MultiplePieCharCollectionCell.xib; sourceTree = "<group>"; };
		609922932547ECB000534577 /* AddNewRequest.swift */ = {isa = PBXFileReference; lastKnownFileType = sourcecode.swift; path = AddNewRequest.swift; sourceTree = "<group>"; };
		609922952547F43900534577 /* HRNotifications.swift */ = {isa = PBXFileReference; lastKnownFileType = sourcecode.swift; path = HRNotifications.swift; sourceTree = "<group>"; };
		609C605A25387B900051CF28 /* UserCredentials.storyboard */ = {isa = PBXFileReference; lastKnownFileType = file.storyboard; path = UserCredentials.storyboard; sourceTree = "<group>"; };
		609C605D25387BC20051CF28 /* EnterPinViewController.swift */ = {isa = PBXFileReference; lastKnownFileType = sourcecode.swift; path = EnterPinViewController.swift; sourceTree = "<group>"; };
		609C605F25387C4B0051CF28 /* BaseViewController.swift */ = {isa = PBXFileReference; lastKnownFileType = sourcecode.swift; path = BaseViewController.swift; sourceTree = "<group>"; };
		609C606125387C850051CF28 /* Constant.swift */ = {isa = PBXFileReference; lastKnownFileType = sourcecode.swift; path = Constant.swift; sourceTree = "<group>"; };
		609C606325387C920051CF28 /* Extensions.swift */ = {isa = PBXFileReference; lastKnownFileType = sourcecode.swift; path = Extensions.swift; sourceTree = "<group>"; };
		609C606525387CCD0051CF28 /* Helper.swift */ = {isa = PBXFileReference; lastKnownFileType = sourcecode.swift; path = Helper.swift; sourceTree = "<group>"; };
		609C606725387D120051CF28 /* Reachability.swift */ = {isa = PBXFileReference; lastKnownFileType = sourcecode.swift; path = Reachability.swift; sourceTree = "<group>"; };
		609C606925387E190051CF28 /* IBDesignables.swift */ = {isa = PBXFileReference; lastKnownFileType = sourcecode.swift; path = IBDesignables.swift; sourceTree = "<group>"; };
		60C34FD925397D1600495944 /* FetchUserDataViewController.swift */ = {isa = PBXFileReference; lastKnownFileType = sourcecode.swift; path = FetchUserDataViewController.swift; sourceTree = "<group>"; };
		60C34FDF2539830E00495944 /* Home.storyboard */ = {isa = PBXFileReference; lastKnownFileType = file.storyboard; path = Home.storyboard; sourceTree = "<group>"; };
		60C34FE2253985DD00495944 /* HomeScreenViewController.swift */ = {isa = PBXFileReference; lastKnownFileType = sourcecode.swift; path = HomeScreenViewController.swift; sourceTree = "<group>"; };
		60C34FE52539875B00495944 /* DashboardViewController.swift */ = {isa = PBXFileReference; lastKnownFileType = sourcecode.swift; path = DashboardViewController.swift; sourceTree = "<group>"; };
		60E99909253D4DF000BCDAD1 /* Dashboard.storyboard */ = {isa = PBXFileReference; lastKnownFileType = file.storyboard; path = Dashboard.storyboard; sourceTree = "<group>"; };
		60E9990F253D4F1300BCDAD1 /* PieChartCollectionCell.swift */ = {isa = PBXFileReference; lastKnownFileType = sourcecode.swift; path = PieChartCollectionCell.swift; sourceTree = "<group>"; };
		60E99910253D4F1300BCDAD1 /* PieChartCollectionCell.xib */ = {isa = PBXFileReference; lastKnownFileType = file.xib; path = PieChartCollectionCell.xib; sourceTree = "<group>"; };
		60E99915253D548200BCDAD1 /* ModulesCollectionCell.swift */ = {isa = PBXFileReference; lastKnownFileType = sourcecode.swift; path = ModulesCollectionCell.swift; sourceTree = "<group>"; };
		60E99916253D548200BCDAD1 /* ModulesCollectionCell.xib */ = {isa = PBXFileReference; lastKnownFileType = file.xib; path = ModulesCollectionCell.xib; sourceTree = "<group>"; };
		60E99919253D668700BCDAD1 /* CollectionViewFlowLayout.swift */ = {isa = PBXFileReference; lastKnownFileType = sourcecode.swift; path = CollectionViewFlowLayout.swift; sourceTree = "<group>"; };
		60E9991C253D719500BCDAD1 /* HRHelpDeskViewController.swift */ = {isa = PBXFileReference; lastKnownFileType = sourcecode.swift; path = HRHelpDeskViewController.swift; sourceTree = "<group>"; };
		60E9991E253D7D9900BCDAD1 /* NewRequestViewController.swift */ = {isa = PBXFileReference; lastKnownFileType = sourcecode.swift; path = NewRequestViewController.swift; sourceTree = "<group>"; };
		60E99920253D7E1900BCDAD1 /* Popups.storyboard */ = {isa = PBXFileReference; lastKnownFileType = file.storyboard; path = Popups.storyboard; sourceTree = "<group>"; };
		60E99922253D848D00BCDAD1 /* RequestListingTableCell.swift */ = {isa = PBXFileReference; lastKnownFileType = sourcecode.swift; path = RequestListingTableCell.swift; sourceTree = "<group>"; };
		60E99923253D848D00BCDAD1 /* RequestListingTableCell.xib */ = {isa = PBXFileReference; lastKnownFileType = file.xib; path = RequestListingTableCell.xib; sourceTree = "<group>"; };
		60E99927253D9EF900BCDAD1 /* FilterDataPopupViewController.swift */ = {isa = PBXFileReference; lastKnownFileType = sourcecode.swift; path = FilterDataPopupViewController.swift; sourceTree = "<group>"; };
		60E99929253D9FB200BCDAD1 /* FilterListingDataTableCell.swift */ = {isa = PBXFileReference; lastKnownFileType = sourcecode.swift; path = FilterListingDataTableCell.swift; sourceTree = "<group>"; };
		60EE11B2254B262C00ACB45B /* UserInfoViewController.swift */ = {isa = PBXFileReference; lastKnownFileType = sourcecode.swift; path = UserInfoViewController.swift; sourceTree = "<group>"; };
		60EE11B4254B263400ACB45B /* MailViewController.swift */ = {isa = PBXFileReference; lastKnownFileType = sourcecode.swift; path = MailViewController.swift; sourceTree = "<group>"; };
		60EE11B6254B263C00ACB45B /* MessageViewController.swift */ = {isa = PBXFileReference; lastKnownFileType = sourcecode.swift; path = MessageViewController.swift; sourceTree = "<group>"; };
		60F3C7F92546C7FE00FA80B9 /* Protocols.swift */ = {isa = PBXFileReference; lastKnownFileType = sourcecode.swift; path = Protocols.swift; sourceTree = "<group>"; };
		68AFBA718D6CF2D713D8E9F0 /* Pods-tcs_one_app.debug.xcconfig */ = {isa = PBXFileReference; includeInIndex = 1; lastKnownFileType = text.xcconfig; name = "Pods-tcs_one_app.debug.xcconfig"; path = "Target Support Files/Pods-tcs_one_app/Pods-tcs_one_app.debug.xcconfig"; sourceTree = "<group>"; };
		CA51BA4126CEE514AB22E928 /* Pods_tcs_one_app.framework */ = {isa = PBXFileReference; explicitFileType = wrapper.framework; includeInIndex = 0; path = Pods_tcs_one_app.framework; sourceTree = BUILT_PRODUCTS_DIR; };
		DA870E8E73156BAD86D9A857 /* Pods-tcs_one_app.release.xcconfig */ = {isa = PBXFileReference; includeInIndex = 1; lastKnownFileType = text.xcconfig; name = "Pods-tcs_one_app.release.xcconfig"; path = "Target Support Files/Pods-tcs_one_app/Pods-tcs_one_app.release.xcconfig"; sourceTree = "<group>"; };
/* End PBXFileReference section */

/* Begin PBXFrameworksBuildPhase section */
		601BA4B625387B17002CFD1F /* Frameworks */ = {
			isa = PBXFrameworksBuildPhase;
			buildActionMask = 2147483647;
			files = (
				4EDC7C88E5B17C3133E5ABA9 /* Pods_tcs_one_app.framework in Frameworks */,
				1BC42B8D257527F7000A63AF /* CloudKit.framework in Frameworks */,
			);
			runOnlyForDeploymentPostprocessing = 0;
		};
/* End PBXFrameworksBuildPhase section */

/* Begin PBXGroup section */
		037A0659751F2380CA7A310E /* Frameworks */ = {
			isa = PBXGroup;
			children = (
				1BC42B8C257527F7000A63AF /* CloudKit.framework */,
				CA51BA4126CEE514AB22E928 /* Pods_tcs_one_app.framework */,
			);
			name = Frameworks;
			sourceTree = "<group>";
		};
		162FB263FB72F57CC107D8E9 /* Pods */ = {
			isa = PBXGroup;
			children = (
				68AFBA718D6CF2D713D8E9F0 /* Pods-tcs_one_app.debug.xcconfig */,
				DA870E8E73156BAD86D9A857 /* Pods-tcs_one_app.release.xcconfig */,
			);
			path = Pods;
			sourceTree = "<group>";
		};
		1B1691AF257249B80007B3B0 /* svg icons */ = {
			isa = PBXGroup;
			children = (
				1B3B360F2574D86B0051779A /* download-fill-icon.svg */,
				1B1691BA257253C10007B3B0 /* checked-fill-icon.svg */,
				1B1691B72572524C0007B3B0 /* right-arrow-filled.svg */,
				1B3B36152574DC860051779A /* history-icon-fill.svg */,
				1B1691B425724CE30007B3B0 /* next-icon.svg */,
			);
			path = "svg icons";
			sourceTree = "<group>";
		};
		1B4AAD1525DA783300A26DE7 /* Track */ = {
			isa = PBXGroup;
			children = (
				1B4AAD1625DA784300A26DE7 /* TrackHomeViewController.swift */,
			);
			path = Track;
			sourceTree = "<group>";
		};
		1B5EAA78255E580800F49D09 /* HR HELP DESK */ = {
			isa = PBXGroup;
			children = (
				60E9991B253D717D00BCDAD1 /* HR Group Desk */,
				60E9991E253D7D9900BCDAD1 /* NewRequestViewController.swift */,
				604B3963253ED0AF00864293 /* ChartListingViewController.swift */,
				6055E987254B303F009BB6E3 /* UpdateRequestViewController.swift */,
			);
			path = "HR HELP DESK";
			sourceTree = "<group>";
		};
		1B5EAA79255E582D00F49D09 /* GREVIANCE */ = {
			isa = PBXGroup;
			children = (
				1B5EAA81255EA47500F49D09 /* Group Desk */,
				1B77CE86256257B700A821E7 /* GrievanceViewRequestViewController.swift */,
				1B5EAACC255EB71C00F49D09 /* GrievanceNewRequestViewController.swift */,
				1B77CE832562509B00A821E7 /* DownloadListViewController.swift */,
				1B6B0499256642FF00CDEF66 /* GrievanceRemarksHistoryViewController.swift */,
			);
			path = GREVIANCE;
			sourceTree = "<group>";
		};
		1B5EAA81255EA47500F49D09 /* Group Desk */ = {
			isa = PBXGroup;
			children = (
				1B5EAA7B255E636A00F49D09 /* GrievanceHelpDeskViewController.swift */,
				1B5EAA82255EA4A600F49D09 /* GrievanceHelpDeskRequestsViewController.swift */,
				1B9E6C802562779D006529C3 /* GrievanceViewClosedRequestViewController.swift */,
				1B1862E925B2CA1000F18059 /* FilesAccordingRemarksViewController.swift */,
			);
			path = "Group Desk";
			sourceTree = "<group>";
		};
		1B61B29A25DCEE5700CDAAE2 /* Tracking */ = {
			isa = PBXGroup;
			children = (
				1B61B2A125DCFB3800CDAAE2 /* BookingDetailsTableCell.swift */,
				1B61B2A225DCFB3800CDAAE2 /* BookingDetailsTableCell.xib */,
				1B61B2A625DD033B00CDAAE2 /* DeliveryDetailsTableCell.swift */,
				1B61B2A725DD033B00CDAAE2 /* DeliveryDetailsTableCell.xib */,
				1B61B2AB25DD1CC000CDAAE2 /* PBagDetailsTableViewCell.swift */,
				1B61B2AC25DD1CC000CDAAE2 /* PBagDetailsTableViewCell.xib */,
				1B61B2B025DD20B800CDAAE2 /* RBagDetailsTableCell.swift */,
				1B61B2B125DD20B800CDAAE2 /* RBagDetailsTableCell.xib */,
				1B61B2B525DD235200CDAAE2 /* TBagDetailsTableCell.swift */,
				1B61B2B625DD235200CDAAE2 /* TBagDetailsTableCell.xib */,
				1B61B2BA25DD25DD00CDAAE2 /* DManDetailsTableCell.swift */,
				1B61B2BB25DD25DD00CDAAE2 /* DManDetailsTableCell.xib */,
			);
			path = Tracking;
			sourceTree = "<group>";
		};
		1B6279E42591E5B500C88FEE /* IMS */ = {
			isa = PBXGroup;
			children = (
				1B6279E52591E5C200C88FEE /* IMS Desk */,
				1B6279E62591E5E200C88FEE /* IMSNewRequestViewController.swift */,
				1B7A292325A05E3C005694B6 /* IMSViewUpdateRequestViewController.swift */,
				1B47F9A225A5F81C00FC74A4 /* IncidentInvestigationViewController.swift */,
			);
			path = IMS;
			sourceTree = "<group>";
		};
		1B6279E52591E5C200C88FEE /* IMS Desk */ = {
			isa = PBXGroup;
			children = (
				1B326587259C95BF001B94C0 /* IMSDashboardViewController.swift */,
				1BBAEA4C259DA1AA00FBDCB4 /* IMSAllRequestsViewController.swift */,
				1B71451725AF7E9A0058C36C /* IMSHistoryViewController.swift */,
				1B71451A25AF85250058C36C /* IMSFilesViewController.swift */,
			);
			path = "IMS Desk";
			sourceTree = "<group>";
		};
		1BF25A4825E7B52C008CE34F /* Leadership-Awaz */ = {
			isa = PBXGroup;
			children = (
				1BF25A4D25E7D49F008CE34F /* Chairmen */,
				1BF25A4C25E7D496008CE34F /* Leadership */,
				1B96C0A225E8D3020059775C /* NewRequestLeadershipAwazViewController.swift */,
			);
			path = "Leadership-Awaz";
			sourceTree = "<group>";
		};
		1BF25A4C25E7D496008CE34F /* Leadership */ = {
			isa = PBXGroup;
			children = (
				1BF25A4E25E7D4EB008CE34F /* LeadershipListingViewController.swift */,
			);
			path = Leadership;
			sourceTree = "<group>";
		};
		1BF25A4D25E7D49F008CE34F /* Chairmen */ = {
			isa = PBXGroup;
			children = (
				1BF25A5225E7D507008CE34F /* ChairmenListingViewController.swift */,
			);
			path = Chairmen;
			sourceTree = "<group>";
		};
		601BA4B025387B17002CFD1F = {
			isa = PBXGroup;
			children = (
				601BA4BB25387B17002CFD1F /* tcs_one_app */,
				601BA4BA25387B17002CFD1F /* Products */,
				162FB263FB72F57CC107D8E9 /* Pods */,
				037A0659751F2380CA7A310E /* Frameworks */,
			);
			sourceTree = "<group>";
		};
		601BA4BA25387B17002CFD1F /* Products */ = {
			isa = PBXGroup;
			children = (
				601BA4B925387B17002CFD1F /* One App.app */,
			);
			name = Products;
			sourceTree = "<group>";
		};
		601BA4BB25387B17002CFD1F /* tcs_one_app */ = {
			isa = PBXGroup;
			children = (
				1B1691AF257249B80007B3B0 /* svg icons */,
				1B614E1B2555138500E50B3A /* GoogleService-Info.plist */,
				60584D742542D65D00AD5DA8 /* One App.entitlements */,
				605CE77625419C2100509434 /* Local Database */,
				605CE7702541686E00509434 /* KEYSTORE.der */,
				605CE76C2541459800509434 /* sandboxcert.p12 */,
				609C605925387B7A0051CF28 /* Storyboards */,
				609C605825387B670051CF28 /* Utilities */,
				609C605725387B640051CF28 /* Core */,
				609C605625387B5F0051CF28 /* Controller */,
				609C605525387B5B0051CF28 /* Views */,
				609C605425387B560051CF28 /* Models */,
				601BA4BC25387B17002CFD1F /* AppDelegate.swift */,
				601BA4BE25387B17002CFD1F /* SceneDelegate.swift */,
				601BA4C525387B18002CFD1F /* Assets.xcassets */,
				601BA4C725387B18002CFD1F /* LaunchScreen.storyboard */,
				601BA4CA25387B18002CFD1F /* Info.plist */,
			);
			path = tcs_one_app;
			sourceTree = "<group>";
		};
		604FD75D2539B759007E9E87 /* CollectionView */ = {
			isa = PBXGroup;
			children = (
				60E9990F253D4F1300BCDAD1 /* PieChartCollectionCell.swift */,
				60E99910253D4F1300BCDAD1 /* PieChartCollectionCell.xib */,
				60E99915253D548200BCDAD1 /* ModulesCollectionCell.swift */,
				60E99916253D548200BCDAD1 /* ModulesCollectionCell.xib */,
				6010F40E25400E3300CF8597 /* CicrularProgressBarCollectionCell.swift */,
				6010F40F25400E3300CF8597 /* CicrularProgressBarCollectionCell.xib */,
				60978BDE25523E0B009AA2F3 /* MultiplePieCharCollectionCell.swift */,
				60978BDF25523E0B009AA2F3 /* MultiplePieCharCollectionCell.xib */,
			);
			path = CollectionView;
			sourceTree = "<group>";
		};
		604FD75E2539B762007E9E87 /* TableView */ = {
			isa = PBXGroup;
			children = (
				1B61B29A25DCEE5700CDAAE2 /* Tracking */,
				60E99922253D848D00BCDAD1 /* RequestListingTableCell.swift */,
				60E99923253D848D00BCDAD1 /* RequestListingTableCell.xib */,
				60E99929253D9FB200BCDAD1 /* FilterListingDataTableCell.swift */,
				604B3965253ED2CD00864293 /* GraphListingTableCell.swift */,
				604B3966253ED2CD00864293 /* GraphListingTableCell.xib */,
				1B0C62E9255C100C00DCA76D /* ModulePermissionsTableCell.swift */,
				1B0C62EA255C100C00DCA76D /* ModulePermissionsTableCell.xib */,
				1B5970AE256553CF00FF8CA0 /* AddAttachmentsTableCell.swift */,
				1B5970AF256553CF00FF8CA0 /* AddAttachmentsTableCell.xib */,
				1B6B049C25665C6500CDEF66 /* GrievancesHistoryTableCell.swift */,
				1B6B049D25665C6500CDEF66 /* GrievancesHistoryTableCell.xib */,
				1B6B04A1256660CD00CDEF66 /* GrievacneDownloadsTableCell.swift */,
				1B6B04A2256660CD00CDEF66 /* GrievacneDownloadsTableCell.xib */,
				1B1C0B672583DBB500AAAAE9 /* NewRequestsListingTableCell.swift */,
				1B1C0B682583DBB500AAAAE9 /* NewRequestsListingTableCell.xib */,
				1B47F99D25A5F18300FC74A4 /* IncidentInvestigationTableCell.swift */,
				1B47F99E25A5F18300FC74A4 /* IncidentInvestigationTableCell.xib */,
			);
			path = TableView;
			sourceTree = "<group>";
		};
		605CE77625419C2100509434 /* Local Database */ = {
			isa = PBXGroup;
			children = (
				1B96C0DA25E9217F0059775C /* TCSOneApp.db */,
			);
			path = "Local Database";
			sourceTree = "<group>";
		};
		609C605425387B560051CF28 /* Models */ = {
			isa = PBXGroup;
			children = (
				605CE772254196E000509434 /* User.swift */,
				605CE7742541977100509434 /* PinValidator.swift */,
				60584D752542EA3D00AD5DA8 /* Setup.swift */,
				607B979C25440927003B7800 /* HRRequests.swift */,
				609922932547ECB000534577 /* AddNewRequest.swift */,
				609922952547F43900534577 /* HRNotifications.swift */,
				1B3BB84C25DBEA69006A29F4 /* TrackingModel.swift */,
			);
			path = Models;
			sourceTree = "<group>";
		};
		609C605525387B5B0051CF28 /* Views */ = {
			isa = PBXGroup;
			children = (
				604FD75E2539B762007E9E87 /* TableView */,
				604FD75D2539B759007E9E87 /* CollectionView */,
				1B281767257F7D44009AE4E3 /* ChartViews.xib */,
				1B28176A257F7D4F009AE4E3 /* ChartViews.swift */,
			);
			path = Views;
			sourceTree = "<group>";
		};
		609C605625387B5F0051CF28 /* Controller */ = {
			isa = PBXGroup;
			children = (
				60EE11AF254B25ED00ACB45B /* User Info Storyboard */,
				60EE11AE254B25E100ACB45B /* Mail Storyboard */,
				60EE11AD254B25CC00ACB45B /* Message Storyboard */,
				60E99926253D9EE000BCDAD1 /* Popups Storyboard */,
				60C34FE42539873F00495944 /* Dashboard Storyboard */,
				60C34FE1253985D100495944 /* Home Storyboard */,
				609C605C25387B960051CF28 /* UserCredentials Storyboard */,
				604B395F253EA03F00864293 /* NotificationsViewController.swift */,
				60978BDC2551D1A6009AA2F3 /* LogoutViewController.swift */,
			);
			path = Controller;
			sourceTree = "<group>";
		};
		609C605725387B640051CF28 /* Core */ = {
			isa = PBXGroup;
			children = (
				609C605F25387C4B0051CF28 /* BaseViewController.swift */,
			);
			path = Core;
			sourceTree = "<group>";
		};
		609C605825387B670051CF28 /* Utilities */ = {
			isa = PBXGroup;
			children = (
				609C606125387C850051CF28 /* Constant.swift */,
				609C606325387C920051CF28 /* Extensions.swift */,
				609C606525387CCD0051CF28 /* Helper.swift */,
				609C606725387D120051CF28 /* Reachability.swift */,
				609C606925387E190051CF28 /* IBDesignables.swift */,
				60E99919253D668700BCDAD1 /* CollectionViewFlowLayout.swift */,
				60485397253DC4BE00F7A0AA /* CircularView.swift */,
				6010F412254048F300CF8597 /* RequestManager.swift */,
				6010F4162540622500CF8597 /* NetworkCalls.swift */,
				605CE77925419C8A00509434 /* DBHelper.swift */,
				60F3C7F92546C7FE00FA80B9 /* Protocols.swift */,
				606D6402254974BC00F67B77 /* ConnectionManager.swift */,
				1B3202F82578C70B0034803F /* ImagePickerManager.swift */,
			);
			path = Utilities;
			sourceTree = "<group>";
		};
		609C605925387B7A0051CF28 /* Storyboards */ = {
			isa = PBXGroup;
			children = (
				609C605A25387B900051CF28 /* UserCredentials.storyboard */,
				60C34FDF2539830E00495944 /* Home.storyboard */,
				60E99909253D4DF000BCDAD1 /* Dashboard.storyboard */,
				60E99920253D7E1900BCDAD1 /* Popups.storyboard */,
				1B5EAA7E255E63CB00F49D09 /* GrievanceStoryboard.storyboard */,
				1B6279E12591E54D00C88FEE /* IMSStoryboard.storyboard */,
				1B4AAD1225DA781E00A26DE7 /* TrackStoryboard.storyboard */,
				1BF25A4925E7CA3B008CE34F /* LeadershipAwaz.storyboard */,
			);
			path = Storyboards;
			sourceTree = "<group>";
		};
		609C605C25387B960051CF28 /* UserCredentials Storyboard */ = {
			isa = PBXGroup;
			children = (
				609C605D25387BC20051CF28 /* EnterPinViewController.swift */,
				60C34FD925397D1600495944 /* FetchUserDataViewController.swift */,
			);
			path = "UserCredentials Storyboard";
			sourceTree = "<group>";
		};
		60C34FE1253985D100495944 /* Home Storyboard */ = {
			isa = PBXGroup;
			children = (
				1BF25A4825E7B52C008CE34F /* Leadership-Awaz */,
				1B4AAD1525DA783300A26DE7 /* Track */,
				1B6279E42591E5B500C88FEE /* IMS */,
				1B5EAA79255E582D00F49D09 /* GREVIANCE */,
				1B5EAA78255E580800F49D09 /* HR HELP DESK */,
				60C34FE2253985DD00495944 /* HomeScreenViewController.swift */,
				1B1C4293255738A300F881B6 /* NewChartListingViewController.swift */,
			);
			path = "Home Storyboard";
			sourceTree = "<group>";
		};
		60C34FE42539873F00495944 /* Dashboard Storyboard */ = {
			isa = PBXGroup;
			children = (
				60C34FE52539875B00495944 /* DashboardViewController.swift */,
				1B3202F52578C1270034803F /* ComingSoonViewController.swift */,
			);
			path = "Dashboard Storyboard";
			sourceTree = "<group>";
		};
		60E9991B253D717D00BCDAD1 /* HR Group Desk */ = {
			isa = PBXGroup;
			children = (
				60E9991C253D719500BCDAD1 /* HRHelpDeskViewController.swift */,
				60069559254994D400EB3865 /* HRHelpDeskRequestViewController.swift */,
				1B590C63255818E300C413AA /* WatchAllRequestsViewController.swift */,
				1B1B5F3C25B1C5E9006A9B51 /* HRFilesViewController.swift */,
			);
			path = "HR Group Desk";
			sourceTree = "<group>";
		};
		60E99926253D9EE000BCDAD1 /* Popups Storyboard */ = {
			isa = PBXGroup;
			children = (
				60E99927253D9EF900BCDAD1 /* FilterDataPopupViewController.swift */,
				602011A02542948100759D2E /* NewRequestListingViewController.swift */,
				6082CD4F2550F4F90037CF54 /* RequestModePopupViewController.swift */,
				60978BDA2551D06B009AA2F3 /* LogoutPopupViewController.swift */,
				1B614E1D2555276000E50B3A /* GraphListingFilterPopupViewController.swift */,
				1B14F16925656DE500C4EA51 /* AddMemoPopupViewController.swift */,
				1B02129525A6E27300441E9F /* ConfirmationPopViewController.swift */,
			);
			path = "Popups Storyboard";
			sourceTree = "<group>";
		};
		60EE11AD254B25CC00ACB45B /* Message Storyboard */ = {
			isa = PBXGroup;
			children = (
				60EE11B6254B263C00ACB45B /* MessageViewController.swift */,
			);
			path = "Message Storyboard";
			sourceTree = "<group>";
		};
		60EE11AE254B25E100ACB45B /* Mail Storyboard */ = {
			isa = PBXGroup;
			children = (
				60EE11B4254B263400ACB45B /* MailViewController.swift */,
			);
			path = "Mail Storyboard";
			sourceTree = "<group>";
		};
		60EE11AF254B25ED00ACB45B /* User Info Storyboard */ = {
			isa = PBXGroup;
			children = (
				60EE11B2254B262C00ACB45B /* UserInfoViewController.swift */,
			);
			path = "User Info Storyboard";
			sourceTree = "<group>";
		};
/* End PBXGroup section */

/* Begin PBXNativeTarget section */
		601BA4B825387B17002CFD1F /* tcs_one_app */ = {
			isa = PBXNativeTarget;
			buildConfigurationList = 601BA4CD25387B18002CFD1F /* Build configuration list for PBXNativeTarget "tcs_one_app" */;
			buildPhases = (
				B527117EBA6A52BBEF5466DD /* [CP] Check Pods Manifest.lock */,
				601BA4B525387B17002CFD1F /* Sources */,
				601BA4B625387B17002CFD1F /* Frameworks */,
				601BA4B725387B17002CFD1F /* Resources */,
				0F8F5020F4ACAA181C2D5933 /* [CP] Embed Pods Frameworks */,
			);
			buildRules = (
			);
			dependencies = (
			);
			name = tcs_one_app;
			productName = tcs_one_app;
			productReference = 601BA4B925387B17002CFD1F /* One App.app */;
			productType = "com.apple.product-type.application";
		};
/* End PBXNativeTarget section */

/* Begin PBXProject section */
		601BA4B125387B17002CFD1F /* Project object */ = {
			isa = PBXProject;
			attributes = {
				LastSwiftUpdateCheck = 1170;
				LastUpgradeCheck = 1170;
				ORGANIZATIONNAME = Personal;
				TargetAttributes = {
					601BA4B825387B17002CFD1F = {
						CreatedOnToolsVersion = 11.7;
					};
				};
			};
			buildConfigurationList = 601BA4B425387B17002CFD1F /* Build configuration list for PBXProject "tcs_one_app" */;
			compatibilityVersion = "Xcode 9.3";
			developmentRegion = en;
			hasScannedForEncodings = 0;
			knownRegions = (
				en,
				Base,
			);
			mainGroup = 601BA4B025387B17002CFD1F;
			productRefGroup = 601BA4BA25387B17002CFD1F /* Products */;
			projectDirPath = "";
			projectRoot = "";
			targets = (
				601BA4B825387B17002CFD1F /* tcs_one_app */,
			);
		};
/* End PBXProject section */

/* Begin PBXResourcesBuildPhase section */
		601BA4B725387B17002CFD1F /* Resources */ = {
			isa = PBXResourcesBuildPhase;
			buildActionMask = 2147483647;
			files = (
				1B3B36102574D86B0051779A /* download-fill-icon.svg in Resources */,
				1B5EAA7F255E63CB00F49D09 /* GrievanceStoryboard.storyboard in Resources */,
				1B61B2AE25DD1CC000CDAAE2 /* PBagDetailsTableViewCell.xib in Resources */,
				604B3968253ED2CD00864293 /* GraphListingTableCell.xib in Resources */,
				1B61B2A425DCFB3800CDAAE2 /* BookingDetailsTableCell.xib in Resources */,
				1B96C0DB25E9217F0059775C /* TCSOneApp.db in Resources */,
				1B3B36162574DC860051779A /* history-icon-fill.svg in Resources */,
				1B61B2BD25DD25DD00CDAAE2 /* DManDetailsTableCell.xib in Resources */,
				1BF25A4A25E7CA3B008CE34F /* LeadershipAwaz.storyboard in Resources */,
				1B281768257F7D44009AE4E3 /* ChartViews.xib in Resources */,
				60978BE125523E0B009AA2F3 /* MultiplePieCharCollectionCell.xib in Resources */,
				605CE76D2541459800509434 /* sandboxcert.p12 in Resources */,
				1B61B2A925DD033B00CDAAE2 /* DeliveryDetailsTableCell.xib in Resources */,
				1B6B049F25665C6500CDEF66 /* GrievancesHistoryTableCell.xib in Resources */,
				1B1C0B6A2583DBB500AAAAE9 /* NewRequestsListingTableCell.xib in Resources */,
				1B61B2B825DD235200CDAAE2 /* TBagDetailsTableCell.xib in Resources */,
				6010F41125400E3300CF8597 /* CicrularProgressBarCollectionCell.xib in Resources */,
				60E99925253D848D00BCDAD1 /* RequestListingTableCell.xib in Resources */,
				601BA4C925387B18002CFD1F /* LaunchScreen.storyboard in Resources */,
				60E99918253D548200BCDAD1 /* ModulesCollectionCell.xib in Resources */,
				60E99912253D4F1300BCDAD1 /* PieChartCollectionCell.xib in Resources */,
				60E9990A253D4DF000BCDAD1 /* Dashboard.storyboard in Resources */,
				1B61B2B325DD20B800CDAAE2 /* RBagDetailsTableCell.xib in Resources */,
				1B1691B82572524C0007B3B0 /* right-arrow-filled.svg in Resources */,
				1B1691B525724CE40007B3B0 /* next-icon.svg in Resources */,
				1B4AAD1325DA781E00A26DE7 /* TrackStoryboard.storyboard in Resources */,
				1B0C62EC255C100C00DCA76D /* ModulePermissionsTableCell.xib in Resources */,
				1B1691BB257253C10007B3B0 /* checked-fill-icon.svg in Resources */,
				1B6279E22591E54D00C88FEE /* IMSStoryboard.storyboard in Resources */,
				1B614E1C2555138500E50B3A /* GoogleService-Info.plist in Resources */,
				1B6B04A4256660CD00CDEF66 /* GrievacneDownloadsTableCell.xib in Resources */,
				60C34FE02539830E00495944 /* Home.storyboard in Resources */,
				609C605B25387B900051CF28 /* UserCredentials.storyboard in Resources */,
				1B47F9A025A5F18300FC74A4 /* IncidentInvestigationTableCell.xib in Resources */,
				605CE7712541686E00509434 /* KEYSTORE.der in Resources */,
				1B5970B1256553CF00FF8CA0 /* AddAttachmentsTableCell.xib in Resources */,
				601BA4C625387B18002CFD1F /* Assets.xcassets in Resources */,
				60E99921253D7E1900BCDAD1 /* Popups.storyboard in Resources */,
			);
			runOnlyForDeploymentPostprocessing = 0;
		};
/* End PBXResourcesBuildPhase section */

/* Begin PBXShellScriptBuildPhase section */
		0F8F5020F4ACAA181C2D5933 /* [CP] Embed Pods Frameworks */ = {
			isa = PBXShellScriptBuildPhase;
			buildActionMask = 2147483647;
			files = (
			);
			inputFileListPaths = (
				"${PODS_ROOT}/Target Support Files/Pods-tcs_one_app/Pods-tcs_one_app-frameworks-${CONFIGURATION}-input-files.xcfilelist",
			);
			name = "[CP] Embed Pods Frameworks";
			outputFileListPaths = (
				"${PODS_ROOT}/Target Support Files/Pods-tcs_one_app/Pods-tcs_one_app-frameworks-${CONFIGURATION}-output-files.xcfilelist",
			);
			runOnlyForDeploymentPostprocessing = 0;
			shellPath = /bin/sh;
			shellScript = "\"${PODS_ROOT}/Target Support Files/Pods-tcs_one_app/Pods-tcs_one_app-frameworks.sh\"\n";
			showEnvVarsInLog = 0;
		};
		B527117EBA6A52BBEF5466DD /* [CP] Check Pods Manifest.lock */ = {
			isa = PBXShellScriptBuildPhase;
			buildActionMask = 2147483647;
			files = (
			);
			inputFileListPaths = (
			);
			inputPaths = (
				"${PODS_PODFILE_DIR_PATH}/Podfile.lock",
				"${PODS_ROOT}/Manifest.lock",
			);
			name = "[CP] Check Pods Manifest.lock";
			outputFileListPaths = (
			);
			outputPaths = (
				"$(DERIVED_FILE_DIR)/Pods-tcs_one_app-checkManifestLockResult.txt",
			);
			runOnlyForDeploymentPostprocessing = 0;
			shellPath = /bin/sh;
			shellScript = "diff \"${PODS_PODFILE_DIR_PATH}/Podfile.lock\" \"${PODS_ROOT}/Manifest.lock\" > /dev/null\nif [ $? != 0 ] ; then\n    # print error to STDERR\n    echo \"error: The sandbox is not in sync with the Podfile.lock. Run 'pod install' or update your CocoaPods installation.\" >&2\n    exit 1\nfi\n# This output is used by Xcode 'outputs' to avoid re-running this script phase.\necho \"SUCCESS\" > \"${SCRIPT_OUTPUT_FILE_0}\"\n";
			showEnvVarsInLog = 0;
		};
/* End PBXShellScriptBuildPhase section */

/* Begin PBXSourcesBuildPhase section */
		601BA4B525387B17002CFD1F /* Sources */ = {
			isa = PBXSourcesBuildPhase;
			buildActionMask = 2147483647;
			files = (
				60E9991A253D668700BCDAD1 /* CollectionViewFlowLayout.swift in Sources */,
				1B0C62EB255C100C00DCA76D /* ModulePermissionsTableCell.swift in Sources */,
				60978BE025523E0B009AA2F3 /* MultiplePieCharCollectionCell.swift in Sources */,
				1B61B2B725DD235200CDAAE2 /* TBagDetailsTableCell.swift in Sources */,
				1B47F99F25A5F18300FC74A4 /* IncidentInvestigationTableCell.swift in Sources */,
				601BA4BD25387B17002CFD1F /* AppDelegate.swift in Sources */,
				60E9992A253D9FB200BCDAD1 /* FilterListingDataTableCell.swift in Sources */,
				60E9991D253D719500BCDAD1 /* HRHelpDeskViewController.swift in Sources */,
				609C606625387CCD0051CF28 /* Helper.swift in Sources */,
				606D6403254974BC00F67B77 /* ConnectionManager.swift in Sources */,
				1B1862EA25B2CA1000F18059 /* FilesAccordingRemarksViewController.swift in Sources */,
				1B3BB84D25DBEA69006A29F4 /* TrackingModel.swift in Sources */,
				609C606425387C920051CF28 /* Extensions.swift in Sources */,
				1B77CE87256257B700A821E7 /* GrievanceViewRequestViewController.swift in Sources */,
				60978BDB2551D06B009AA2F3 /* LogoutPopupViewController.swift in Sources */,
				1B3202F92578C70B0034803F /* ImagePickerManager.swift in Sources */,
				1B02129625A6E27300441E9F /* ConfirmationPopViewController.swift in Sources */,
				1B14F16A25656DE500C4EA51 /* AddMemoPopupViewController.swift in Sources */,
				60E99917253D548200BCDAD1 /* ModulesCollectionCell.swift in Sources */,
				1BBAEA4D259DA1AA00FBDCB4 /* IMSAllRequestsViewController.swift in Sources */,
				605CE77A25419C8A00509434 /* DBHelper.swift in Sources */,
				1B71451B25AF85250058C36C /* IMSFilesViewController.swift in Sources */,
				60978BDD2551D1A6009AA2F3 /* LogoutViewController.swift in Sources */,
				609C606025387C4B0051CF28 /* BaseViewController.swift in Sources */,
				1B6279E72591E5E200C88FEE /* IMSNewRequestViewController.swift in Sources */,
				60C34FDA25397D1600495944 /* FetchUserDataViewController.swift in Sources */,
				1B96C0A325E8D3020059775C /* NewRequestLeadershipAwazViewController.swift in Sources */,
				1B5EAACD255EB71C00F49D09 /* GrievanceNewRequestViewController.swift in Sources */,
				1B61B2BC25DD25DD00CDAAE2 /* DManDetailsTableCell.swift in Sources */,
				1B5EAA83255EA4A600F49D09 /* GrievanceHelpDeskRequestsViewController.swift in Sources */,
				6010F41025400E3300CF8597 /* CicrularProgressBarCollectionCell.swift in Sources */,
				60E99928253D9EF900BCDAD1 /* FilterDataPopupViewController.swift in Sources */,
				602011A12542948100759D2E /* NewRequestListingViewController.swift in Sources */,
				604B3967253ED2CD00864293 /* GraphListingTableCell.swift in Sources */,
				1B6B049E25665C6500CDEF66 /* GrievancesHistoryTableCell.swift in Sources */,
				1B47F9A325A5F81C00FC74A4 /* IncidentInvestigationViewController.swift in Sources */,
				605CE7752541977100509434 /* PinValidator.swift in Sources */,
				60C34FE3253985DD00495944 /* HomeScreenViewController.swift in Sources */,
				60EE11B3254B262C00ACB45B /* UserInfoViewController.swift in Sources */,
				609922962547F43900534577 /* HRNotifications.swift in Sources */,
				1B326588259C95BF001B94C0 /* IMSDashboardViewController.swift in Sources */,
				60E99924253D848D00BCDAD1 /* RequestListingTableCell.swift in Sources */,
				1B61B2B225DD20B800CDAAE2 /* RBagDetailsTableCell.swift in Sources */,
				6010F4172540622500CF8597 /* NetworkCalls.swift in Sources */,
				60E99911253D4F1300BCDAD1 /* PieChartCollectionCell.swift in Sources */,
				1B4AAD1725DA784300A26DE7 /* TrackHomeViewController.swift in Sources */,
				6006955A254994D400EB3865 /* HRHelpDeskRequestViewController.swift in Sources */,
				1B7A292425A05E3C005694B6 /* IMSViewUpdateRequestViewController.swift in Sources */,
				1BF25A4F25E7D4EB008CE34F /* LeadershipListingViewController.swift in Sources */,
				1B1C4294255738A300F881B6 /* NewChartListingViewController.swift in Sources */,
				6010F413254048F300CF8597 /* RequestManager.swift in Sources */,
				609C606A25387E190051CF28 /* IBDesignables.swift in Sources */,
				60C34FE62539875B00495944 /* DashboardViewController.swift in Sources */,
				1B1B5F3D25B1C5E9006A9B51 /* HRFilesViewController.swift in Sources */,
				60584D762542EA3D00AD5DA8 /* Setup.swift in Sources */,
				607B979D25440927003B7800 /* HRRequests.swift in Sources */,
				1B5970B0256553CF00FF8CA0 /* AddAttachmentsTableCell.swift in Sources */,
				1B61B2AD25DD1CC000CDAAE2 /* PBagDetailsTableViewCell.swift in Sources */,
				1B590C64255818E300C413AA /* WatchAllRequestsViewController.swift in Sources */,
				1B61B2A325DCFB3800CDAAE2 /* BookingDetailsTableCell.swift in Sources */,
				1B71451825AF7E9A0058C36C /* IMSHistoryViewController.swift in Sources */,
				1B6B04A3256660CD00CDEF66 /* GrievacneDownloadsTableCell.swift in Sources */,
				1B1C0B692583DBB500AAAAE9 /* NewRequestsListingTableCell.swift in Sources */,
				1B6B049A256642FF00CDEF66 /* GrievanceRemarksHistoryViewController.swift in Sources */,
				1B77CE842562509B00A821E7 /* DownloadListViewController.swift in Sources */,
				60485398253DC4BE00F7A0AA /* CircularView.swift in Sources */,
				60EE11B5254B263400ACB45B /* MailViewController.swift in Sources */,
				605CE773254196E000509434 /* User.swift in Sources */,
				60E9991F253D7D9900BCDAD1 /* NewRequestViewController.swift in Sources */,
				1BF25A5325E7D507008CE34F /* ChairmenListingViewController.swift in Sources */,
				609C606225387C850051CF28 /* Constant.swift in Sources */,
				60EE11B7254B263C00ACB45B /* MessageViewController.swift in Sources */,
				601BA4BF25387B17002CFD1F /* SceneDelegate.swift in Sources */,
				1B28176B257F7D4F009AE4E3 /* ChartViews.swift in Sources */,
				1B3202F62578C1270034803F /* ComingSoonViewController.swift in Sources */,
				6082CD502550F4F90037CF54 /* RequestModePopupViewController.swift in Sources */,
				609922942547ECB000534577 /* AddNewRequest.swift in Sources */,
				6055E988254B303F009BB6E3 /* UpdateRequestViewController.swift in Sources */,
				60F3C7FA2546C7FE00FA80B9 /* Protocols.swift in Sources */,
				1B614E1E2555276000E50B3A /* GraphListingFilterPopupViewController.swift in Sources */,
				604B3960253EA03F00864293 /* NotificationsViewController.swift in Sources */,
				1B5EAA7C255E636A00F49D09 /* GrievanceHelpDeskViewController.swift in Sources */,
				1B61B2A825DD033B00CDAAE2 /* DeliveryDetailsTableCell.swift in Sources */,
				609C606825387D120051CF28 /* Reachability.swift in Sources */,
				1B9E6C812562779D006529C3 /* GrievanceViewClosedRequestViewController.swift in Sources */,
				609C605E25387BC20051CF28 /* EnterPinViewController.swift in Sources */,
				604B3964253ED0AF00864293 /* ChartListingViewController.swift in Sources */,
			);
			runOnlyForDeploymentPostprocessing = 0;
		};
/* End PBXSourcesBuildPhase section */

/* Begin PBXVariantGroup section */
		601BA4C725387B18002CFD1F /* LaunchScreen.storyboard */ = {
			isa = PBXVariantGroup;
			children = (
				601BA4C825387B18002CFD1F /* Base */,
			);
			name = LaunchScreen.storyboard;
			sourceTree = "<group>";
		};
/* End PBXVariantGroup section */

/* Begin XCBuildConfiguration section */
		601BA4CB25387B18002CFD1F /* Debug */ = {
			isa = XCBuildConfiguration;
			buildSettings = {
				ALWAYS_SEARCH_USER_PATHS = NO;
				CLANG_ANALYZER_NONNULL = YES;
				CLANG_ANALYZER_NUMBER_OBJECT_CONVERSION = YES_AGGRESSIVE;
				CLANG_CXX_LANGUAGE_STANDARD = "gnu++14";
				CLANG_CXX_LIBRARY = "libc++";
				CLANG_ENABLE_MODULES = YES;
				CLANG_ENABLE_OBJC_ARC = YES;
				CLANG_ENABLE_OBJC_WEAK = YES;
				CLANG_WARN_BLOCK_CAPTURE_AUTORELEASING = YES;
				CLANG_WARN_BOOL_CONVERSION = YES;
				CLANG_WARN_COMMA = YES;
				CLANG_WARN_CONSTANT_CONVERSION = YES;
				CLANG_WARN_DEPRECATED_OBJC_IMPLEMENTATIONS = YES;
				CLANG_WARN_DIRECT_OBJC_ISA_USAGE = YES_ERROR;
				CLANG_WARN_DOCUMENTATION_COMMENTS = YES;
				CLANG_WARN_EMPTY_BODY = YES;
				CLANG_WARN_ENUM_CONVERSION = YES;
				CLANG_WARN_INFINITE_RECURSION = YES;
				CLANG_WARN_INT_CONVERSION = YES;
				CLANG_WARN_NON_LITERAL_NULL_CONVERSION = YES;
				CLANG_WARN_OBJC_IMPLICIT_RETAIN_SELF = YES;
				CLANG_WARN_OBJC_LITERAL_CONVERSION = YES;
				CLANG_WARN_OBJC_ROOT_CLASS = YES_ERROR;
				CLANG_WARN_RANGE_LOOP_ANALYSIS = YES;
				CLANG_WARN_STRICT_PROTOTYPES = YES;
				CLANG_WARN_SUSPICIOUS_MOVE = YES;
				CLANG_WARN_UNGUARDED_AVAILABILITY = YES_AGGRESSIVE;
				CLANG_WARN_UNREACHABLE_CODE = YES;
				CLANG_WARN__DUPLICATE_METHOD_MATCH = YES;
				COPY_PHASE_STRIP = NO;
				DEBUG_INFORMATION_FORMAT = dwarf;
				ENABLE_STRICT_OBJC_MSGSEND = YES;
				ENABLE_TESTABILITY = YES;
				GCC_C_LANGUAGE_STANDARD = gnu11;
				GCC_DYNAMIC_NO_PIC = NO;
				GCC_NO_COMMON_BLOCKS = YES;
				GCC_OPTIMIZATION_LEVEL = 0;
				GCC_PREPROCESSOR_DEFINITIONS = (
					"DEBUG=1",
					"$(inherited)",
				);
				GCC_WARN_64_TO_32_BIT_CONVERSION = YES;
				GCC_WARN_ABOUT_RETURN_TYPE = YES_ERROR;
				GCC_WARN_UNDECLARED_SELECTOR = YES;
				GCC_WARN_UNINITIALIZED_AUTOS = YES_AGGRESSIVE;
				GCC_WARN_UNUSED_FUNCTION = YES;
				GCC_WARN_UNUSED_VARIABLE = YES;
				IPHONEOS_DEPLOYMENT_TARGET = 13.7;
				MTL_ENABLE_DEBUG_INFO = INCLUDE_SOURCE;
				MTL_FAST_MATH = YES;
				ONLY_ACTIVE_ARCH = YES;
				SDKROOT = iphoneos;
				SWIFT_ACTIVE_COMPILATION_CONDITIONS = DEBUG;
				SWIFT_OPTIMIZATION_LEVEL = "-Onone";
			};
			name = Debug;
		};
		601BA4CC25387B18002CFD1F /* Release */ = {
			isa = XCBuildConfiguration;
			buildSettings = {
				ALWAYS_SEARCH_USER_PATHS = NO;
				CLANG_ANALYZER_NONNULL = YES;
				CLANG_ANALYZER_NUMBER_OBJECT_CONVERSION = YES_AGGRESSIVE;
				CLANG_CXX_LANGUAGE_STANDARD = "gnu++14";
				CLANG_CXX_LIBRARY = "libc++";
				CLANG_ENABLE_MODULES = YES;
				CLANG_ENABLE_OBJC_ARC = YES;
				CLANG_ENABLE_OBJC_WEAK = YES;
				CLANG_WARN_BLOCK_CAPTURE_AUTORELEASING = YES;
				CLANG_WARN_BOOL_CONVERSION = YES;
				CLANG_WARN_COMMA = YES;
				CLANG_WARN_CONSTANT_CONVERSION = YES;
				CLANG_WARN_DEPRECATED_OBJC_IMPLEMENTATIONS = YES;
				CLANG_WARN_DIRECT_OBJC_ISA_USAGE = YES_ERROR;
				CLANG_WARN_DOCUMENTATION_COMMENTS = YES;
				CLANG_WARN_EMPTY_BODY = YES;
				CLANG_WARN_ENUM_CONVERSION = YES;
				CLANG_WARN_INFINITE_RECURSION = YES;
				CLANG_WARN_INT_CONVERSION = YES;
				CLANG_WARN_NON_LITERAL_NULL_CONVERSION = YES;
				CLANG_WARN_OBJC_IMPLICIT_RETAIN_SELF = YES;
				CLANG_WARN_OBJC_LITERAL_CONVERSION = YES;
				CLANG_WARN_OBJC_ROOT_CLASS = YES_ERROR;
				CLANG_WARN_RANGE_LOOP_ANALYSIS = YES;
				CLANG_WARN_STRICT_PROTOTYPES = YES;
				CLANG_WARN_SUSPICIOUS_MOVE = YES;
				CLANG_WARN_UNGUARDED_AVAILABILITY = YES_AGGRESSIVE;
				CLANG_WARN_UNREACHABLE_CODE = YES;
				CLANG_WARN__DUPLICATE_METHOD_MATCH = YES;
				COPY_PHASE_STRIP = NO;
				DEBUG_INFORMATION_FORMAT = "dwarf-with-dsym";
				ENABLE_NS_ASSERTIONS = NO;
				ENABLE_STRICT_OBJC_MSGSEND = YES;
				GCC_C_LANGUAGE_STANDARD = gnu11;
				GCC_NO_COMMON_BLOCKS = YES;
				GCC_WARN_64_TO_32_BIT_CONVERSION = YES;
				GCC_WARN_ABOUT_RETURN_TYPE = YES_ERROR;
				GCC_WARN_UNDECLARED_SELECTOR = YES;
				GCC_WARN_UNINITIALIZED_AUTOS = YES_AGGRESSIVE;
				GCC_WARN_UNUSED_FUNCTION = YES;
				GCC_WARN_UNUSED_VARIABLE = YES;
				IPHONEOS_DEPLOYMENT_TARGET = 13.7;
				MTL_ENABLE_DEBUG_INFO = NO;
				MTL_FAST_MATH = YES;
				SDKROOT = iphoneos;
				SWIFT_COMPILATION_MODE = wholemodule;
				SWIFT_OPTIMIZATION_LEVEL = "-O";
				VALIDATE_PRODUCT = YES;
			};
			name = Release;
		};
		601BA4CE25387B18002CFD1F /* Debug */ = {
			isa = XCBuildConfiguration;
			baseConfigurationReference = 68AFBA718D6CF2D713D8E9F0 /* Pods-tcs_one_app.debug.xcconfig */;
			buildSettings = {
				ASSETCATALOG_COMPILER_APPICON_NAME = AppIcon;
				CODE_SIGN_ENTITLEMENTS = "tcs_one_app/One App.entitlements";
				CODE_SIGN_STYLE = Automatic;
				CURRENT_PROJECT_VERSION = 1.0.1;
				DEVELOPMENT_TEAM = R33FJ93Y8M;
				INFOPLIST_FILE = tcs_one_app/Info.plist;
				IPHONEOS_DEPLOYMENT_TARGET = 11.0;
				LD_RUNPATH_SEARCH_PATHS = (
					"$(inherited)",
					"@executable_path/Frameworks",
				);
				MARKETING_VERSION = 1.0.3;
				PRODUCT_BUNDLE_IDENTIFIER = com.tcs.tcsoneapp;
				PRODUCT_NAME = "One App";
				SWIFT_VERSION = 4.2;
				TARGETED_DEVICE_FAMILY = 1;
			};
			name = Debug;
		};
		601BA4CF25387B18002CFD1F /* Release */ = {
			isa = XCBuildConfiguration;
			baseConfigurationReference = DA870E8E73156BAD86D9A857 /* Pods-tcs_one_app.release.xcconfig */;
			buildSettings = {
				ASSETCATALOG_COMPILER_APPICON_NAME = AppIcon;
				CODE_SIGN_ENTITLEMENTS = "tcs_one_app/One App.entitlements";
				CODE_SIGN_STYLE = Automatic;
				CURRENT_PROJECT_VERSION = 1.0.1;
				DEVELOPMENT_TEAM = R33FJ93Y8M;
				INFOPLIST_FILE = tcs_one_app/Info.plist;
				IPHONEOS_DEPLOYMENT_TARGET = 11.0;
				LD_RUNPATH_SEARCH_PATHS = (
					"$(inherited)",
					"@executable_path/Frameworks",
				);
				MARKETING_VERSION = 1.0.3;
				PRODUCT_BUNDLE_IDENTIFIER = com.tcs.tcsoneapp;
				PRODUCT_NAME = "One App";
				SWIFT_VERSION = 4.2;
				TARGETED_DEVICE_FAMILY = 1;
			};
			name = Release;
		};
/* End XCBuildConfiguration section */

/* Begin XCConfigurationList section */
		601BA4B425387B17002CFD1F /* Build configuration list for PBXProject "tcs_one_app" */ = {
			isa = XCConfigurationList;
			buildConfigurations = (
				601BA4CB25387B18002CFD1F /* Debug */,
				601BA4CC25387B18002CFD1F /* Release */,
			);
			defaultConfigurationIsVisible = 0;
			defaultConfigurationName = Release;
		};
		601BA4CD25387B18002CFD1F /* Build configuration list for PBXNativeTarget "tcs_one_app" */ = {
			isa = XCConfigurationList;
			buildConfigurations = (
				601BA4CE25387B18002CFD1F /* Debug */,
				601BA4CF25387B18002CFD1F /* Release */,
			);
			defaultConfigurationIsVisible = 0;
			defaultConfigurationName = Release;
		};
/* End XCConfigurationList section */
	};
	rootObject = 601BA4B125387B17002CFD1F /* Project object */;
}
