PODS:
  - abseil/algorithm/algorithm (1.20200923.2):
    - abseil/base/config
  - abseil/algorithm/container (1.20200923.2):
    - abseil/algorithm/algorithm
    - abseil/base/core_headers
    - abseil/meta/type_traits
  - abseil/base/atomic_hook (1.20200923.2):
    - abseil/base/config
    - abseil/base/core_headers
  - abseil/base/base (1.20200923.2):
    - abseil/base/atomic_hook
    - abseil/base/base_internal
    - abseil/base/config
    - abseil/base/core_headers
    - abseil/base/dynamic_annotations
    - abseil/base/log_severity
    - abseil/base/raw_logging_internal
    - abseil/base/spinlock_wait
    - abseil/meta/type_traits
  - abseil/base/base_internal (1.20200923.2):
    - abseil/base/config
    - abseil/meta/type_traits
  - abseil/base/bits (1.20200923.2):
    - abseil/base/config
    - abseil/base/core_headers
  - abseil/base/config (1.20200923.2)
  - abseil/base/core_headers (1.20200923.2):
    - abseil/base/config
  - abseil/base/dynamic_annotations (1.20200923.2):
    - abseil/base/config
    - abseil/base/core_headers
  - abseil/base/endian (1.20200923.2):
    - abseil/base/config
    - abseil/base/core_headers
  - abseil/base/errno_saver (1.20200923.2):
    - abseil/base/config
  - abseil/base/exponential_biased (1.20200923.2):
    - abseil/base/config
    - abseil/base/core_headers
  - abseil/base/log_severity (1.20200923.2):
    - abseil/base/config
    - abseil/base/core_headers
  - abseil/base/malloc_internal (1.20200923.2):
    - abseil/base/base
    - abseil/base/base_internal
    - abseil/base/config
    - abseil/base/core_headers
    - abseil/base/dynamic_annotations
    - abseil/base/raw_logging_internal
  - abseil/base/raw_logging_internal (1.20200923.2):
    - abseil/base/atomic_hook
    - abseil/base/config
    - abseil/base/core_headers
    - abseil/base/log_severity
  - abseil/base/spinlock_wait (1.20200923.2):
    - abseil/base/base_internal
    - abseil/base/core_headers
    - abseil/base/errno_saver
  - abseil/base/throw_delegate (1.20200923.2):
    - abseil/base/config
    - abseil/base/raw_logging_internal
  - abseil/container/common (1.20200923.2):
    - abseil/meta/type_traits
    - abseil/types/optional
  - abseil/container/compressed_tuple (1.20200923.2):
    - abseil/utility/utility
  - abseil/container/container_memory (1.20200923.2):
    - abseil/base/config
    - abseil/memory/memory
    - abseil/meta/type_traits
    - abseil/utility/utility
  - abseil/container/fixed_array (1.20200923.2):
    - abseil/algorithm/algorithm
    - abseil/base/config
    - abseil/base/core_headers
    - abseil/base/dynamic_annotations
    - abseil/base/throw_delegate
    - abseil/container/compressed_tuple
    - abseil/memory/memory
  - abseil/container/flat_hash_set (1.20200923.2):
    - abseil/algorithm/container
    - abseil/base/core_headers
    - abseil/container/container_memory
    - abseil/container/hash_function_defaults
    - abseil/container/raw_hash_set
    - abseil/memory/memory
  - abseil/container/hash_function_defaults (1.20200923.2):
    - abseil/base/config
    - abseil/hash/hash
    - abseil/strings/cord
    - abseil/strings/strings
  - abseil/container/hash_policy_traits (1.20200923.2):
    - abseil/meta/type_traits
  - abseil/container/hashtable_debug_hooks (1.20200923.2):
    - abseil/base/config
  - abseil/container/hashtablez_sampler (1.20200923.2):
    - abseil/base/base
    - abseil/base/core_headers
    - abseil/base/exponential_biased
    - abseil/container/have_sse
    - abseil/debugging/stacktrace
    - abseil/memory/memory
    - abseil/synchronization/synchronization
    - abseil/utility/utility
  - abseil/container/have_sse (1.20200923.2)
  - abseil/container/inlined_vector (1.20200923.2):
    - abseil/algorithm/algorithm
    - abseil/base/core_headers
    - abseil/base/throw_delegate
    - abseil/container/inlined_vector_internal
    - abseil/memory/memory
  - abseil/container/inlined_vector_internal (1.20200923.2):
    - abseil/base/core_headers
    - abseil/container/compressed_tuple
    - abseil/memory/memory
    - abseil/meta/type_traits
    - abseil/types/span
  - abseil/container/layout (1.20200923.2):
    - abseil/base/config
    - abseil/base/core_headers
    - abseil/meta/type_traits
    - abseil/strings/strings
    - abseil/types/span
    - abseil/utility/utility
  - abseil/container/raw_hash_set (1.20200923.2):
    - abseil/base/bits
    - abseil/base/config
    - abseil/base/core_headers
    - abseil/base/endian
    - abseil/container/common
    - abseil/container/compressed_tuple
    - abseil/container/container_memory
    - abseil/container/hash_policy_traits
    - abseil/container/hashtable_debug_hooks
    - abseil/container/hashtablez_sampler
    - abseil/container/have_sse
    - abseil/container/layout
    - abseil/memory/memory
    - abseil/meta/type_traits
    - abseil/utility/utility
  - abseil/debugging/debugging_internal (1.20200923.2):
    - abseil/base/config
    - abseil/base/core_headers
    - abseil/base/dynamic_annotations
    - abseil/base/errno_saver
    - abseil/base/raw_logging_internal
  - abseil/debugging/demangle_internal (1.20200923.2):
    - abseil/base/base
    - abseil/base/config
    - abseil/base/core_headers
  - abseil/debugging/stacktrace (1.20200923.2):
    - abseil/base/config
    - abseil/base/core_headers
    - abseil/debugging/debugging_internal
  - abseil/debugging/symbolize (1.20200923.2):
    - abseil/base/base
    - abseil/base/config
    - abseil/base/core_headers
    - abseil/base/dynamic_annotations
    - abseil/base/malloc_internal
    - abseil/base/raw_logging_internal
    - abseil/debugging/debugging_internal
    - abseil/debugging/demangle_internal
    - abseil/strings/strings
  - abseil/functional/bind_front (1.20200923.2):
    - abseil/base/base_internal
    - abseil/container/compressed_tuple
    - abseil/meta/type_traits
    - abseil/utility/utility
  - abseil/functional/function_ref (1.20200923.2):
    - abseil/base/base_internal
    - abseil/meta/type_traits
  - abseil/hash/city (1.20200923.2):
    - abseil/base/config
    - abseil/base/core_headers
    - abseil/base/endian
  - abseil/hash/hash (1.20200923.2):
    - abseil/base/core_headers
    - abseil/base/endian
    - abseil/container/fixed_array
    - abseil/hash/city
    - abseil/meta/type_traits
    - abseil/numeric/int128
    - abseil/strings/strings
    - abseil/types/optional
    - abseil/types/variant
    - abseil/utility/utility
  - abseil/memory/memory (1.20200923.2):
    - abseil/base/core_headers
    - abseil/meta/type_traits
  - abseil/meta/type_traits (1.20200923.2):
    - abseil/base/config
  - abseil/numeric/int128 (1.20200923.2):
    - abseil/base/bits
    - abseil/base/config
    - abseil/base/core_headers
  - abseil/status/status (1.20200923.2):
    - abseil/base/atomic_hook
    - abseil/base/config
    - abseil/base/core_headers
    - abseil/base/raw_logging_internal
    - abseil/container/inlined_vector
    - abseil/debugging/stacktrace
    - abseil/debugging/symbolize
    - abseil/strings/cord
    - abseil/strings/str_format
    - abseil/strings/strings
    - abseil/types/optional
  - abseil/strings/cord (1.20200923.2):
    - abseil/base/base
    - abseil/base/core_headers
    - abseil/base/endian
    - abseil/base/raw_logging_internal
    - abseil/container/fixed_array
    - abseil/container/inlined_vector
    - abseil/functional/function_ref
    - abseil/meta/type_traits
    - abseil/strings/cord_internal
    - abseil/strings/internal
    - abseil/strings/str_format
    - abseil/strings/strings
    - abseil/types/optional
  - abseil/strings/cord_internal (1.20200923.2):
    - abseil/base/base_internal
    - abseil/container/compressed_tuple
    - abseil/meta/type_traits
    - abseil/strings/strings
  - abseil/strings/internal (1.20200923.2):
    - abseil/base/config
    - abseil/base/core_headers
    - abseil/base/endian
    - abseil/base/raw_logging_internal
    - abseil/meta/type_traits
  - abseil/strings/str_format (1.20200923.2):
    - abseil/strings/str_format_internal
  - abseil/strings/str_format_internal (1.20200923.2):
    - abseil/base/bits
    - abseil/base/config
    - abseil/base/core_headers
    - abseil/functional/function_ref
    - abseil/meta/type_traits
    - abseil/numeric/int128
    - abseil/strings/strings
    - abseil/types/optional
    - abseil/types/span
  - abseil/strings/strings (1.20200923.2):
    - abseil/base/base
    - abseil/base/bits
    - abseil/base/config
    - abseil/base/core_headers
    - abseil/base/endian
    - abseil/base/raw_logging_internal
    - abseil/base/throw_delegate
    - abseil/memory/memory
    - abseil/meta/type_traits
    - abseil/numeric/int128
    - abseil/strings/internal
  - abseil/synchronization/graphcycles_internal (1.20200923.2):
    - abseil/base/base
    - abseil/base/base_internal
    - abseil/base/config
    - abseil/base/core_headers
    - abseil/base/malloc_internal
    - abseil/base/raw_logging_internal
  - abseil/synchronization/kernel_timeout_internal (1.20200923.2):
    - abseil/base/core_headers
    - abseil/base/raw_logging_internal
    - abseil/time/time
  - abseil/synchronization/synchronization (1.20200923.2):
    - abseil/base/atomic_hook
    - abseil/base/base
    - abseil/base/base_internal
    - abseil/base/config
    - abseil/base/core_headers
    - abseil/base/dynamic_annotations
    - abseil/base/malloc_internal
    - abseil/base/raw_logging_internal
    - abseil/debugging/stacktrace
    - abseil/debugging/symbolize
    - abseil/synchronization/graphcycles_internal
    - abseil/synchronization/kernel_timeout_internal
    - abseil/time/time
  - abseil/time/internal/cctz/civil_time (1.20200923.2):
    - abseil/base/config
  - abseil/time/internal/cctz/time_zone (1.20200923.2):
    - abseil/base/config
    - abseil/time/internal/cctz/civil_time
  - abseil/time/time (1.20200923.2):
    - abseil/base/base
    - abseil/base/core_headers
    - abseil/base/raw_logging_internal
    - abseil/numeric/int128
    - abseil/strings/strings
    - abseil/time/internal/cctz/civil_time
    - abseil/time/internal/cctz/time_zone
  - abseil/types/bad_optional_access (1.20200923.2):
    - abseil/base/config
    - abseil/base/raw_logging_internal
  - abseil/types/bad_variant_access (1.20200923.2):
    - abseil/base/config
    - abseil/base/raw_logging_internal
  - abseil/types/optional (1.20200923.2):
    - abseil/base/base_internal
    - abseil/base/config
    - abseil/base/core_headers
    - abseil/memory/memory
    - abseil/meta/type_traits
    - abseil/types/bad_optional_access
    - abseil/utility/utility
  - abseil/types/span (1.20200923.2):
    - abseil/algorithm/algorithm
    - abseil/base/core_headers
    - abseil/base/throw_delegate
    - abseil/meta/type_traits
  - abseil/types/variant (1.20200923.2):
    - abseil/base/base_internal
    - abseil/base/config
    - abseil/base/core_headers
    - abseil/meta/type_traits
    - abseil/types/bad_variant_access
    - abseil/utility/utility
  - abseil/utility/utility (1.20200923.2):
    - abseil/base/base_internal
    - abseil/base/config
    - abseil/meta/type_traits
  - Alamofire (4.9.1)
  - BoringSSL-GRPC (0.0.14):
    - BoringSSL-GRPC/Implementation (= 0.0.14)
    - BoringSSL-GRPC/Interface (= 0.0.14)
  - BoringSSL-GRPC/Implementation (0.0.14):
    - BoringSSL-GRPC/Interface (= 0.0.14)
  - BoringSSL-GRPC/Interface (0.0.14)
  - Charts (3.6.0):
    - Charts/Core (= 3.6.0)
  - Charts/Core (3.6.0)
  - DatePickerDialog (4.0)
  - ExpandableCell (1.3.0)
  - Firebase/Analytics (4.13.0):
    - Firebase/Core
  - Firebase/Core (4.13.0):
    - FirebaseAnalytics (= 4.2.0)
    - FirebaseCore (= 4.0.20)
  - Firebase/Firestore (4.13.0):
    - Firebase/Core
    - FirebaseFirestore (= 0.11.0)
  - Firebase/Messaging (4.13.0):
    - Firebase/Core
    - FirebaseMessaging (= 2.2.0)
  - FirebaseAnalytics (4.2.0):
    - FirebaseCore (~> 4.0)
    - FirebaseInstanceID (~> 2.0)
    - "GoogleToolboxForMac/NSData+zlib (~> 2.1)"
    - nanopb (~> 0.3)
  - FirebaseCore (4.0.20):
    - "GoogleToolboxForMac/NSData+zlib (~> 2.1)"
  - FirebaseFirestore (0.11.0):
    - FirebaseAnalytics (~> 4.1)
    - FirebaseCore (~> 4.0)
    - gRPC-ProtoRPC (~> 1.0)
    - leveldb-library (~> 1.18)
    - Protobuf (~> 3.5)
  - FirebaseInstanceID (2.0.10):
    - FirebaseCore (~> 4.0)
  - FirebaseMessaging (2.2.0):
    - FirebaseAnalytics (~> 4.1)
    - FirebaseCore (~> 4.0)
    - FirebaseInstanceID (~> 2.0)
    - GoogleToolboxForMac/Logger (~> 2.1)
    - Protobuf (~> 3.5)
  - Floaty (4.2.0)
  - GoogleToolboxForMac/Defines (2.3.0)
  - GoogleToolboxForMac/Logger (2.3.0):
    - GoogleToolboxForMac/Defines (= 2.3.0)
  - "GoogleToolboxForMac/NSData+zlib (2.3.0)":
    - GoogleToolboxForMac/Defines (= 2.3.0)
  - gRPC-Core (1.34.0):
    - gRPC-Core/Implementation (= 1.34.0)
    - gRPC-Core/Interface (= 1.34.0)
  - gRPC-Core/Implementation (1.34.0):
    - abseil/base/base (= 1.20200923.2)
    - abseil/container/flat_hash_set (= 1.20200923.2)
    - abseil/container/inlined_vector (= 1.20200923.2)
    - abseil/functional/bind_front (= 1.20200923.2)
    - abseil/memory/memory (= 1.20200923.2)
    - abseil/status/status (= 1.20200923.2)
    - abseil/strings/str_format (= 1.20200923.2)
    - abseil/strings/strings (= 1.20200923.2)
    - abseil/synchronization/synchronization (= 1.20200923.2)
    - abseil/time/time (= 1.20200923.2)
    - abseil/types/optional (= 1.20200923.2)
    - BoringSSL-GRPC (= 0.0.14)
    - gRPC-Core/Interface (= 1.34.0)
  - gRPC-Core/Interface (1.34.0)
  - gRPC-ProtoRPC (1.34.0):
    - gRPC-ProtoRPC/Legacy (= 1.34.0)
    - gRPC-ProtoRPC/Legacy-Header (= 1.34.0)
    - gRPC-ProtoRPC/Main (= 1.34.0)
  - gRPC-ProtoRPC/Legacy (1.34.0):
    - gRPC-ProtoRPC/Legacy-Header (= 1.34.0)
    - gRPC-ProtoRPC/Main (= 1.34.0)
    - gRPC-RxLibrary (= 1.34.0)
    - gRPC/GRPCCore (= 1.34.0)
    - Protobuf (~> 3.0)
  - gRPC-ProtoRPC/Legacy-Header (1.34.0)
  - gRPC-ProtoRPC/Main (1.34.0):
    - gRPC-ProtoRPC/Legacy-Header (= 1.34.0)
    - gRPC/Interface (= 1.34.0)
    - Protobuf (~> 3.0)
  - gRPC-RxLibrary (1.34.0):
    - gRPC-RxLibrary/Implementation (= 1.34.0)
    - gRPC-RxLibrary/Interface (= 1.34.0)
  - gRPC-RxLibrary/Implementation (1.34.0):
    - gRPC-RxLibrary/Interface
  - gRPC-RxLibrary/Interface (1.34.0)
  - gRPC/GRPCCore (1.34.0):
    - gRPC-Core (= 1.34.0)
    - gRPC-RxLibrary (= 1.34.0)
    - gRPC/Interface (= 1.34.0)
    - gRPC/Interface-Legacy (= 1.34.0)
  - gRPC/Interface (1.34.0):
    - gRPC/Interface-Legacy (= 1.34.0)
  - gRPC/Interface-Legacy (1.34.0):
    - gRPC-RxLibrary/Interface (= 1.34.0)
  - IQKeyboardManagerSwift (6.5.6)
  - leveldb-library (1.22)
  - MarqueeLabel (4.0.5)
  - MaterialComponents/AnimationTiming (118.1.0)
  - MaterialComponents/Availability (118.1.0)
  - MaterialComponents/private/Math (118.1.0)
  - "MaterialComponents/private/TextControlsPrivate+BaseStyle (118.1.0)":
    - MaterialComponents/AnimationTiming
    - MaterialComponents/private/Math
    - "MaterialComponents/private/TextControlsPrivate+Shared"
  - "MaterialComponents/private/TextControlsPrivate+OutlinedStyle (118.1.0)":
    - MaterialComponents/AnimationTiming
    - MaterialComponents/Availability
    - MaterialComponents/private/Math
    - "MaterialComponents/private/TextControlsPrivate+Shared"
  - "MaterialComponents/private/TextControlsPrivate+Shared (118.1.0)":
    - MaterialComponents/AnimationTiming
    - MaterialComponents/private/Math
    - "MaterialComponents/TextControls+Enums"
  - "MaterialComponents/private/TextControlsPrivate+TextFields (118.1.0)":
    - MaterialComponents/private/Math
    - "MaterialComponents/private/TextControlsPrivate+Shared"
  - "MaterialComponents/TextControls+BaseTextAreas (118.1.0)":
    - "MaterialComponents/private/TextControlsPrivate+BaseStyle"
    - "MaterialComponents/private/TextControlsPrivate+Shared"
    - MDFInternationalization
  - "MaterialComponents/TextControls+BaseTextFields (118.1.0)":
    - "MaterialComponents/private/TextControlsPrivate+BaseStyle"
    - "MaterialComponents/private/TextControlsPrivate+Shared"
    - "MaterialComponents/private/TextControlsPrivate+TextFields"
    - MDFInternationalization
  - "MaterialComponents/TextControls+Enums (118.1.0)"
  - "MaterialComponents/TextControls+OutlinedTextAreas (118.1.0)":
    - MaterialComponents/Availability
    - "MaterialComponents/private/TextControlsPrivate+OutlinedStyle"
    - "MaterialComponents/TextControls+BaseTextAreas"
  - "MaterialComponents/TextControls+OutlinedTextFields (118.1.0)":
    - MaterialComponents/Availability
    - "MaterialComponents/private/TextControlsPrivate+OutlinedStyle"
    - "MaterialComponents/TextControls+BaseTextFields"
  - MBCircularProgressBar (0.3.5)
  - MDFInternationalization (2.0.0)
  - nanopb (0.3.9011):
    - nanopb/decode (= 0.3.9011)
    - nanopb/encode (= 0.3.9011)
  - nanopb/decode (0.3.9011)
  - nanopb/encode (0.3.9011)
  - Protobuf (3.14.0)
  - ReachabilitySwift (5.0.0)
  - SDWebImage (5.9.4):
    - SDWebImage/Core (= 5.9.4)
  - SDWebImage/Core (5.9.4)
  - SimplePDF (3.0.0)
  - SVProgressHUD (2.2.5)
  - SwiftSVG (2.3.2)
  - SwiftyJSON (5.0.0)
  - Toast-Swift (5.0.1)
  - TPPDF (2.3.2)

DEPENDENCIES:
  - Alamofire (~> 4.2)
  - Charts
  - DatePickerDialog
  - ExpandableCell
  - Firebase/Analytics (~> 4.2)
  - Firebase/Firestore
  - Firebase/Messaging
  - Floaty
  - IQKeyboardManagerSwift
  - MarqueeLabel
  - "MaterialComponents/TextControls+OutlinedTextAreas"
  - "MaterialComponents/TextControls+OutlinedTextFields"
  - MBCircularProgressBar
  - ReachabilitySwift
  - SDWebImage
  - SimplePDF
  - SVProgressHUD
  - SwiftSVG
  - SwiftyJSON
  - Toast-Swift
  - TPPDF

SPEC REPOS:
  trunk:
    - abseil
    - Alamofire
    - BoringSSL-GRPC
    - Charts
    - DatePickerDialog
    - ExpandableCell
    - Firebase
    - FirebaseAnalytics
    - FirebaseCore
    - FirebaseFirestore
    - FirebaseInstanceID
    - FirebaseMessaging
    - Floaty
    - GoogleToolboxForMac
    - gRPC
    - gRPC-Core
    - gRPC-ProtoRPC
    - gRPC-RxLibrary
    - IQKeyboardManagerSwift
    - leveldb-library
    - MarqueeLabel
    - MaterialComponents
    - MBCircularProgressBar
    - MDFInternationalization
    - nanopb
    - Protobuf
    - ReachabilitySwift
    - SDWebImage
    - SimplePDF
    - SVProgressHUD
    - SwiftSVG
    - SwiftyJSON
    - Toast-Swift
    - TPPDF

SPEC CHECKSUMS:
  abseil: 1e1630cfaceb6f2f6d49c3659e83932095e42b30
  Alamofire: 85e8a02c69d6020a0d734f6054870d7ecb75cf18
  BoringSSL-GRPC: 63bef04e04730659f5125c3f27d72df324f68f59
  Charts: b1e3a1f5a1c9ba5394438ca3b91bd8c9076310af
  DatePickerDialog: ccff2f91ff7a018057a4d72fa5ad6de49c8cb0cd
  ExpandableCell: 69ca7d71971c171473a7a30964d2127f4c6ceaf6
  Firebase: 5ec5e863d269d82d66b4bf56856726f8fb8f0fb3
  FirebaseAnalytics: 7ef69e76a5142f643aeb47c780e1cdce4e23632e
  FirebaseCore: 90cb1c53d69b556f112a1bf72b5fcfaad7650790
  FirebaseFirestore: e92a096ce80c7b4b905d4e9d41dbd944adc9d2a5
  FirebaseInstanceID: 8d20d890d65c917f9f7d9950b6e10a760ad34321
  FirebaseMessaging: 75cdb862e86c30e0913a2ff307e48d49357c5b73
  Floaty: e2bd5a0f6f7f70899e26ff2da31081c8bee8d1b0
  GoogleToolboxForMac: 1350d40e86a76f7863928d63bcb0b89c84c521c5
  gRPC: 659a45fd11266316f2f765c22e72cf5909750618
  gRPC-Core: 2f6b456c6bbbe6feecb350a59e5f65d950256f2e
  gRPC-ProtoRPC: 2a3e5eb6f2509613ba28845b8702775f4ddf64c6
  gRPC-RxLibrary: db59451c234df0833d3274bc668f3c4735d17d58
  IQKeyboardManagerSwift: c7df9d2deb356c04522f5c4b7b6e4ce4d8ed94fe
  leveldb-library: 55d93ee664b4007aac644a782d11da33fba316f7
  MarqueeLabel: 00cc0bcd087111dca575878b3531af980559707d
  MaterialComponents: e4a7c8b5eabe7856ef58f632fb5800a229bda5be
  MBCircularProgressBar: 0b795b722a5eb5b0923822f90474e2576a1a7855
  MDFInternationalization: 010097556d6b09d2c4ea38e0820ea6d37be6a314
  nanopb: 18003b5e52dab79db540fe93fe9579f399bd1ccd
  Protobuf: 0cde852566359049847168e51bd1c690e0f70056
  ReachabilitySwift: 985039c6f7b23a1da463388634119492ff86c825
  SDWebImage: b69257f4ab14e9b6a2ef53e910fdf914d8f757c1
  SimplePDF: 903143ede36965886997a5c1bc6b8940b082ba20
  SVProgressHUD: 1428aafac632c1f86f62aa4243ec12008d7a51d6
  SwiftSVG: ca7f64e403b8ea7ea8eba8c823b83ba4a059834c
  SwiftyJSON: 36413e04c44ee145039d332b4f4e2d3e8d6c4db7
  Toast-Swift: 9b6a70f28b3bf0b96c40d46c0c4b9d6639846711
  TPPDF: 000c670ca79d0b00c62dcc32b168c6f691dc92a5

PODFILE CHECKSUM: b244822cf92b311a741212944875f4d1a3c00938

COCOAPODS: 1.10.1
